// !$*UTF8*$!
{
	archiveVersion = 1;
	classes = {
	};
	objectVersion = 46;
	objects = {

/* Begin PBXBuildFile section */
		436981A023DE0BEE4230F1D6 /* Pods_MacTransitTests.framework in Frameworks */ = {isa = PBXBuildFile; fileRef = D28F7401158714B8A91915AC /* Pods_MacTransitTests.framework */; };
		663777791D332DF0009DC04B /* AppDelegate.swift in Sources */ = {isa = PBXBuildFile; fileRef = 663777781D332DF0009DC04B /* AppDelegate.swift */; };
		6637777B1D332DF0009DC04B /* Assets.xcassets in Resources */ = {isa = PBXBuildFile; fileRef = 6637777A1D332DF0009DC04B /* Assets.xcassets */; };
		6637777E1D332DF0009DC04B /* MainMenu.xib in Resources */ = {isa = PBXBuildFile; fileRef = 6637777C1D332DF0009DC04B /* MainMenu.xib */; };
		663777891D332DF0009DC04B /* MacTransitTests.swift in Sources */ = {isa = PBXBuildFile; fileRef = 663777881D332DF0009DC04B /* MacTransitTests.swift */; };
		663777941D332DF0009DC04B /* MacTransitUITests.swift in Sources */ = {isa = PBXBuildFile; fileRef = 663777931D332DF0009DC04B /* MacTransitUITests.swift */; };
		7CAEC0954EAF0560FED964C2 /* Pods_MacTransitUITests.framework in Frameworks */ = {isa = PBXBuildFile; fileRef = EB712B15528B6C1467CE4AF7 /* Pods_MacTransitUITests.framework */; };
		8C3300463054DCB364E09518 /* Pods_MacTransit.framework in Frameworks */ = {isa = PBXBuildFile; fileRef = FC6FD277A7597FDD8325F5A4 /* Pods_MacTransit.framework */; };
/* End PBXBuildFile section */

/* Begin PBXContainerItemProxy section */
		663777851D332DF0009DC04B /* PBXContainerItemProxy */ = {
			isa = PBXContainerItemProxy;
			containerPortal = 6637776D1D332DF0009DC04B /* Project object */;
			proxyType = 1;
			remoteGlobalIDString = 663777741D332DF0009DC04B;
			remoteInfo = MacTransit;
		};
		663777901D332DF0009DC04B /* PBXContainerItemProxy */ = {
			isa = PBXContainerItemProxy;
			containerPortal = 6637776D1D332DF0009DC04B /* Project object */;
			proxyType = 1;
			remoteGlobalIDString = 663777741D332DF0009DC04B;
			remoteInfo = MacTransit;
		};
/* End PBXContainerItemProxy section */

/* Begin PBXFileReference section */
		44AB0DD8167473AD2BFE2B17 /* Pods-MacTransit.release.xcconfig */ = {isa = PBXFileReference; includeInIndex = 1; lastKnownFileType = text.xcconfig; name = "Pods-MacTransit.release.xcconfig"; path = "Pods/Target Support Files/Pods-MacTransit/Pods-MacTransit.release.xcconfig"; sourceTree = "<group>"; };
		5BB8E83CCE8441BA69E84B36 /* Pods-MacTransitUITests.debug.xcconfig */ = {isa = PBXFileReference; includeInIndex = 1; lastKnownFileType = text.xcconfig; name = "Pods-MacTransitUITests.debug.xcconfig"; path = "Pods/Target Support Files/Pods-MacTransitUITests/Pods-MacTransitUITests.debug.xcconfig"; sourceTree = "<group>"; };
		608AB908ED0090F1066CFB58 /* Pods-MacTransitTests.debug.xcconfig */ = {isa = PBXFileReference; includeInIndex = 1; lastKnownFileType = text.xcconfig; name = "Pods-MacTransitTests.debug.xcconfig"; path = "Pods/Target Support Files/Pods-MacTransitTests/Pods-MacTransitTests.debug.xcconfig"; sourceTree = "<group>"; };
		663777751D332DF0009DC04B /* MacTransit.app */ = {isa = PBXFileReference; explicitFileType = wrapper.application; includeInIndex = 0; path = MacTransit.app; sourceTree = BUILT_PRODUCTS_DIR; };
		663777781D332DF0009DC04B /* AppDelegate.swift */ = {isa = PBXFileReference; lastKnownFileType = sourcecode.swift; path = AppDelegate.swift; sourceTree = "<group>"; };
		6637777A1D332DF0009DC04B /* Assets.xcassets */ = {isa = PBXFileReference; lastKnownFileType = folder.assetcatalog; path = Assets.xcassets; sourceTree = "<group>"; };
		6637777D1D332DF0009DC04B /* Base */ = {isa = PBXFileReference; lastKnownFileType = file.xib; name = Base; path = Base.lproj/MainMenu.xib; sourceTree = "<group>"; };
		6637777F1D332DF0009DC04B /* Info.plist */ = {isa = PBXFileReference; lastKnownFileType = text.plist.xml; path = Info.plist; sourceTree = "<group>"; };
		663777841D332DF0009DC04B /* MacTransitTests.xctest */ = {isa = PBXFileReference; explicitFileType = wrapper.cfbundle; includeInIndex = 0; path = MacTransitTests.xctest; sourceTree = BUILT_PRODUCTS_DIR; };
		663777881D332DF0009DC04B /* MacTransitTests.swift */ = {isa = PBXFileReference; lastKnownFileType = sourcecode.swift; path = MacTransitTests.swift; sourceTree = "<group>"; };
		6637778A1D332DF0009DC04B /* Info.plist */ = {isa = PBXFileReference; lastKnownFileType = text.plist.xml; path = Info.plist; sourceTree = "<group>"; };
		6637778F1D332DF0009DC04B /* MacTransitUITests.xctest */ = {isa = PBXFileReference; explicitFileType = wrapper.cfbundle; includeInIndex = 0; path = MacTransitUITests.xctest; sourceTree = BUILT_PRODUCTS_DIR; };
		663777931D332DF0009DC04B /* MacTransitUITests.swift */ = {isa = PBXFileReference; lastKnownFileType = sourcecode.swift; path = MacTransitUITests.swift; sourceTree = "<group>"; };
		663777951D332DF0009DC04B /* Info.plist */ = {isa = PBXFileReference; lastKnownFileType = text.plist.xml; path = Info.plist; sourceTree = "<group>"; };
		9C9CC8B7F22320EA317CD795 /* Pods-MacTransitUITests.release.xcconfig */ = {isa = PBXFileReference; includeInIndex = 1; lastKnownFileType = text.xcconfig; name = "Pods-MacTransitUITests.release.xcconfig"; path = "Pods/Target Support Files/Pods-MacTransitUITests/Pods-MacTransitUITests.release.xcconfig"; sourceTree = "<group>"; };
		CF572C3C2FD93834C003A452 /* Pods-MacTransit.debug.xcconfig */ = {isa = PBXFileReference; includeInIndex = 1; lastKnownFileType = text.xcconfig; name = "Pods-MacTransit.debug.xcconfig"; path = "Pods/Target Support Files/Pods-MacTransit/Pods-MacTransit.debug.xcconfig"; sourceTree = "<group>"; };
		D28F7401158714B8A91915AC /* Pods_MacTransitTests.framework */ = {isa = PBXFileReference; explicitFileType = wrapper.framework; includeInIndex = 0; path = Pods_MacTransitTests.framework; sourceTree = BUILT_PRODUCTS_DIR; };
		D6234212238D5CDF07C41F1B /* Pods-MacTransitTests.release.xcconfig */ = {isa = PBXFileReference; includeInIndex = 1; lastKnownFileType = text.xcconfig; name = "Pods-MacTransitTests.release.xcconfig"; path = "Pods/Target Support Files/Pods-MacTransitTests/Pods-MacTransitTests.release.xcconfig"; sourceTree = "<group>"; };
		EB712B15528B6C1467CE4AF7 /* Pods_MacTransitUITests.framework */ = {isa = PBXFileReference; explicitFileType = wrapper.framework; includeInIndex = 0; path = Pods_MacTransitUITests.framework; sourceTree = BUILT_PRODUCTS_DIR; };
		FC6FD277A7597FDD8325F5A4 /* Pods_MacTransit.framework */ = {isa = PBXFileReference; explicitFileType = wrapper.framework; includeInIndex = 0; path = Pods_MacTransit.framework; sourceTree = BUILT_PRODUCTS_DIR; };
/* End PBXFileReference section */

/* Begin PBXFrameworksBuildPhase section */
		663777721D332DF0009DC04B /* Frameworks */ = {
			isa = PBXFrameworksBuildPhase;
			buildActionMask = 2147483647;
			files = (
				8C3300463054DCB364E09518 /* Pods_MacTransit.framework in Frameworks */,
			);
			runOnlyForDeploymentPostprocessing = 0;
		};
		663777811D332DF0009DC04B /* Frameworks */ = {
			isa = PBXFrameworksBuildPhase;
			buildActionMask = 2147483647;
			files = (
				436981A023DE0BEE4230F1D6 /* Pods_MacTransitTests.framework in Frameworks */,
			);
			runOnlyForDeploymentPostprocessing = 0;
		};
		6637778C1D332DF0009DC04B /* Frameworks */ = {
			isa = PBXFrameworksBuildPhase;
			buildActionMask = 2147483647;
			files = (
				7CAEC0954EAF0560FED964C2 /* Pods_MacTransitUITests.framework in Frameworks */,
			);
			runOnlyForDeploymentPostprocessing = 0;
		};
/* End PBXFrameworksBuildPhase section */

/* Begin PBXGroup section */
		2CE8BAFA435F5D4E7F9963B6 /* Frameworks */ = {
			isa = PBXGroup;
			children = (
				FC6FD277A7597FDD8325F5A4 /* Pods_MacTransit.framework */,
				D28F7401158714B8A91915AC /* Pods_MacTransitTests.framework */,
				EB712B15528B6C1467CE4AF7 /* Pods_MacTransitUITests.framework */,
			);
			name = Frameworks;
			sourceTree = "<group>";
		};
		6637776C1D332DF0009DC04B = {
			isa = PBXGroup;
			children = (
				663777771D332DF0009DC04B /* MacTransit */,
				663777871D332DF0009DC04B /* MacTransitTests */,
				663777921D332DF0009DC04B /* MacTransitUITests */,
				663777761D332DF0009DC04B /* Products */,
				D9AA7CF5295B1B293FE406F1 /* Pods */,
				2CE8BAFA435F5D4E7F9963B6 /* Frameworks */,
			);
			sourceTree = "<group>";
		};
		663777761D332DF0009DC04B /* Products */ = {
			isa = PBXGroup;
			children = (
				663777751D332DF0009DC04B /* MacTransit.app */,
				663777841D332DF0009DC04B /* MacTransitTests.xctest */,
				6637778F1D332DF0009DC04B /* MacTransitUITests.xctest */,
			);
			name = Products;
			sourceTree = "<group>";
		};
		663777771D332DF0009DC04B /* MacTransit */ = {
			isa = PBXGroup;
			children = (
				663777781D332DF0009DC04B /* AppDelegate.swift */,
				6637777A1D332DF0009DC04B /* Assets.xcassets */,
				6637777C1D332DF0009DC04B /* MainMenu.xib */,
				6637777F1D332DF0009DC04B /* Info.plist */,
			);
			path = MacTransit;
			sourceTree = "<group>";
		};
		663777871D332DF0009DC04B /* MacTransitTests */ = {
			isa = PBXGroup;
			children = (
				663777881D332DF0009DC04B /* MacTransitTests.swift */,
				6637778A1D332DF0009DC04B /* Info.plist */,
			);
			path = MacTransitTests;
			sourceTree = "<group>";
		};
		663777921D332DF0009DC04B /* MacTransitUITests */ = {
			isa = PBXGroup;
			children = (
				663777931D332DF0009DC04B /* MacTransitUITests.swift */,
				663777951D332DF0009DC04B /* Info.plist */,
			);
			path = MacTransitUITests;
			sourceTree = "<group>";
		};
		D9AA7CF5295B1B293FE406F1 /* Pods */ = {
			isa = PBXGroup;
			children = (
				CF572C3C2FD93834C003A452 /* Pods-MacTransit.debug.xcconfig */,
				44AB0DD8167473AD2BFE2B17 /* Pods-MacTransit.release.xcconfig */,
				608AB908ED0090F1066CFB58 /* Pods-MacTransitTests.debug.xcconfig */,
				D6234212238D5CDF07C41F1B /* Pods-MacTransitTests.release.xcconfig */,
				5BB8E83CCE8441BA69E84B36 /* Pods-MacTransitUITests.debug.xcconfig */,
				9C9CC8B7F22320EA317CD795 /* Pods-MacTransitUITests.release.xcconfig */,
			);
			name = Pods;
			sourceTree = "<group>";
		};
/* End PBXGroup section */

/* Begin PBXNativeTarget section */
		663777741D332DF0009DC04B /* MacTransit */ = {
			isa = PBXNativeTarget;
			buildConfigurationList = 663777981D332DF0009DC04B /* Build configuration list for PBXNativeTarget "MacTransit" */;
			buildPhases = (
				F69E167CFFA32C9F528B5C2C /* [CP] Check Pods Manifest.lock */,
				663777711D332DF0009DC04B /* Sources */,
				663777721D332DF0009DC04B /* Frameworks */,
				663777731D332DF0009DC04B /* Resources */,
				117D89153ABA1D273A8FFCF2 /* [CP] Embed Pods Frameworks */,
				2B701EDE62E1D392034FD5A4 /* [CP] Copy Pods Resources */,
				663777A11D332F31009DC04B /* ShellScript */,
			);
			buildRules = (
			);
			dependencies = (
			);
			name = MacTransit;
			productName = MacTransit;
			productReference = 663777751D332DF0009DC04B /* MacTransit.app */;
			productType = "com.apple.product-type.application";
		};
		663777831D332DF0009DC04B /* MacTransitTests */ = {
			isa = PBXNativeTarget;
			buildConfigurationList = 6637779B1D332DF0009DC04B /* Build configuration list for PBXNativeTarget "MacTransitTests" */;
			buildPhases = (
				7AD888E1A2ADEFBA7F4B9123 /* [CP] Check Pods Manifest.lock */,
				663777801D332DF0009DC04B /* Sources */,
				663777811D332DF0009DC04B /* Frameworks */,
				663777821D332DF0009DC04B /* Resources */,
				A4F4C427FC5AEDCEFC65199A /* [CP] Embed Pods Frameworks */,
				48118BE17CFEB850062323AC /* [CP] Copy Pods Resources */,
			);
			buildRules = (
			);
			dependencies = (
				663777861D332DF0009DC04B /* PBXTargetDependency */,
			);
			name = MacTransitTests;
			productName = MacTransitTests;
			productReference = 663777841D332DF0009DC04B /* MacTransitTests.xctest */;
			productType = "com.apple.product-type.bundle.unit-test";
		};
		6637778E1D332DF0009DC04B /* MacTransitUITests */ = {
			isa = PBXNativeTarget;
			buildConfigurationList = 6637779E1D332DF0009DC04B /* Build configuration list for PBXNativeTarget "MacTransitUITests" */;
			buildPhases = (
				5C34FC13893EC106B83E1A08 /* [CP] Check Pods Manifest.lock */,
				6637778B1D332DF0009DC04B /* Sources */,
				6637778C1D332DF0009DC04B /* Frameworks */,
				6637778D1D332DF0009DC04B /* Resources */,
				9BF2C335F27EF1B0E0121DE5 /* [CP] Copy Pods Resources */,
			);
			buildRules = (
			);
			dependencies = (
				663777911D332DF0009DC04B /* PBXTargetDependency */,
			);
			name = MacTransitUITests;
			productName = MacTransitUITests;
			productReference = 6637778F1D332DF0009DC04B /* MacTransitUITests.xctest */;
			productType = "com.apple.product-type.bundle.ui-testing";
		};
/* End PBXNativeTarget section */

/* Begin PBXProject section */
		6637776D1D332DF0009DC04B /* Project object */ = {
			isa = PBXProject;
			attributes = {
				LastSwiftUpdateCheck = 0730;
				LastUpgradeCheck = 0730;
				ORGANIZATIONNAME = Adam;
				TargetAttributes = {
					663777741D332DF0009DC04B = {
						CreatedOnToolsVersion = 7.3.1;
						DevelopmentTeam = 6GHQ7P7EHA;
					};
					663777831D332DF0009DC04B = {
						CreatedOnToolsVersion = 7.3.1;
						TestTargetID = 663777741D332DF0009DC04B;
					};
					6637778E1D332DF0009DC04B = {
						CreatedOnToolsVersion = 7.3.1;
						TestTargetID = 663777741D332DF0009DC04B;
					};
				};
			};
			buildConfigurationList = 663777701D332DF0009DC04B /* Build configuration list for PBXProject "MacTransit" */;
			compatibilityVersion = "Xcode 3.2";
			developmentRegion = English;
			hasScannedForEncodings = 0;
			knownRegions = (
				en,
				Base,
			);
			mainGroup = 6637776C1D332DF0009DC04B;
			productRefGroup = 663777761D332DF0009DC04B /* Products */;
			projectDirPath = "";
			projectRoot = "";
			targets = (
				663777741D332DF0009DC04B /* MacTransit */,
				663777831D332DF0009DC04B /* MacTransitTests */,
				6637778E1D332DF0009DC04B /* MacTransitUITests */,
			);
		};
/* End PBXProject section */

/* Begin PBXResourcesBuildPhase section */
		663777731D332DF0009DC04B /* Resources */ = {
			isa = PBXResourcesBuildPhase;
			buildActionMask = 2147483647;
			files = (
				6637777B1D332DF0009DC04B /* Assets.xcassets in Resources */,
				6637777E1D332DF0009DC04B /* MainMenu.xib in Resources */,
			);
			runOnlyForDeploymentPostprocessing = 0;
		};
		663777821D332DF0009DC04B /* Resources */ = {
			isa = PBXResourcesBuildPhase;
			buildActionMask = 2147483647;
			files = (
			);
			runOnlyForDeploymentPostprocessing = 0;
		};
		6637778D1D332DF0009DC04B /* Resources */ = {
			isa = PBXResourcesBuildPhase;
			buildActionMask = 2147483647;
			files = (
			);
			runOnlyForDeploymentPostprocessing = 0;
		};
/* End PBXResourcesBuildPhase section */

/* Begin PBXShellScriptBuildPhase section */
		117D89153ABA1D273A8FFCF2 /* [CP] Embed Pods Frameworks */ = {
			isa = PBXShellScriptBuildPhase;
			buildActionMask = 2147483647;
			files = (
			);
			inputPaths = (
			);
			name = "[CP] Embed Pods Frameworks";
			outputPaths = (
			);
			runOnlyForDeploymentPostprocessing = 0;
			shellPath = /bin/sh;
			shellScript = "\"${SRCROOT}/Pods/Target Support Files/Pods-MacTransit/Pods-MacTransit-frameworks.sh\"\n";
			showEnvVarsInLog = 0;
		};
		2B701EDE62E1D392034FD5A4 /* [CP] Copy Pods Resources */ = {
			isa = PBXShellScriptBuildPhase;
			buildActionMask = 2147483647;
			files = (
			);
			inputPaths = (
			);
			name = "[CP] Copy Pods Resources";
			outputPaths = (
			);
			runOnlyForDeploymentPostprocessing = 0;
			shellPath = /bin/sh;
			shellScript = "\"${SRCROOT}/Pods/Target Support Files/Pods-MacTransit/Pods-MacTransit-resources.sh\"\n";
			showEnvVarsInLog = 0;
		};
		48118BE17CFEB850062323AC /* [CP] Copy Pods Resources */ = {
			isa = PBXShellScriptBuildPhase;
			buildActionMask = 2147483647;
			files = (
			);
			inputPaths = (
			);
			name = "[CP] Copy Pods Resources";
			outputPaths = (
			);
			runOnlyForDeploymentPostprocessing = 0;
			shellPath = /bin/sh;
			shellScript = "\"${SRCROOT}/Pods/Target Support Files/Pods-MacTransitTests/Pods-MacTransitTests-resources.sh\"\n";
			showEnvVarsInLog = 0;
		};
		5C34FC13893EC106B83E1A08 /* [CP] Check Pods Manifest.lock */ = {
			isa = PBXShellScriptBuildPhase;
			buildActionMask = 2147483647;
			files = (
			);
			inputPaths = (
			);
			name = "[CP] Check Pods Manifest.lock";
			outputPaths = (
			);
			runOnlyForDeploymentPostprocessing = 0;
			shellPath = /bin/sh;
			shellScript = "diff \"${PODS_ROOT}/../Podfile.lock\" \"${PODS_ROOT}/Manifest.lock\" > /dev/null\nif [[ $? != 0 ]] ; then\n    cat << EOM\nerror: The sandbox is not in sync with the Podfile.lock. Run 'pod install' or update your CocoaPods installation.\nEOM\n    exit 1\nfi\n";
			showEnvVarsInLog = 0;
		};
		663777A11D332F31009DC04B /* ShellScript */ = {
			isa = PBXShellScriptBuildPhase;
			buildActionMask = 2147483647;
			files = (
			);
			inputPaths = (
			);
			outputPaths = (
			);
			runOnlyForDeploymentPostprocessing = 0;
			shellPath = /bin/sh;
			shellScript = "if which swiftlint >/dev/null; then\n  swiftlint\nelse\n  echo \"warning: SwiftLint not installed, download from https://github.com/realm/SwiftLint\"\nfi";
		};
		7AD888E1A2ADEFBA7F4B9123 /* [CP] Check Pods Manifest.lock */ = {
			isa = PBXShellScriptBuildPhase;
			buildActionMask = 2147483647;
			files = (
			);
			inputPaths = (
			);
			name = "[CP] Check Pods Manifest.lock";
			outputPaths = (
			);
			runOnlyForDeploymentPostprocessing = 0;
			shellPath = /bin/sh;
			shellScript = "diff \"${PODS_ROOT}/../Podfile.lock\" \"${PODS_ROOT}/Manifest.lock\" > /dev/null\nif [[ $? != 0 ]] ; then\n    cat << EOM\nerror: The sandbox is not in sync with the Podfile.lock. Run 'pod install' or update your CocoaPods installation.\nEOM\n    exit 1\nfi\n";
			showEnvVarsInLog = 0;
		};
		9BF2C335F27EF1B0E0121DE5 /* [CP] Copy Pods Resources */ = {
			isa = PBXShellScriptBuildPhase;
			buildActionMask = 2147483647;
			files = (
			);
			inputPaths = (
			);
			name = "[CP] Copy Pods Resources";
			outputPaths = (
			);
			runOnlyForDeploymentPostprocessing = 0;
			shellPath = /bin/sh;
			shellScript = "\"${SRCROOT}/Pods/Target Support Files/Pods-MacTransitUITests/Pods-MacTransitUITests-resources.sh\"\n";
			showEnvVarsInLog = 0;
		};
		A4F4C427FC5AEDCEFC65199A /* [CP] Embed Pods Frameworks */ = {
			isa = PBXShellScriptBuildPhase;
			buildActionMask = 2147483647;
			files = (
			);
			inputPaths = (
			);
			name = "[CP] Embed Pods Frameworks";
			outputPaths = (
			);
			runOnlyForDeploymentPostprocessing = 0;
			shellPath = /bin/sh;
			shellScript = "\"${SRCROOT}/Pods/Target Support Files/Pods-MacTransitTests/Pods-MacTransitTests-frameworks.sh\"\n";
			showEnvVarsInLog = 0;
		};
		F69E167CFFA32C9F528B5C2C /* [CP] Check Pods Manifest.lock */ = {
			isa = PBXShellScriptBuildPhase;
			buildActionMask = 2147483647;
			files = (
			);
			inputPaths = (
			);
			name = "[CP] Check Pods Manifest.lock";
			outputPaths = (
			);
			runOnlyForDeploymentPostprocessing = 0;
			shellPath = /bin/sh;
			shellScript = "diff \"${PODS_ROOT}/../Podfile.lock\" \"${PODS_ROOT}/Manifest.lock\" > /dev/null\nif [[ $? != 0 ]] ; then\n    cat << EOM\nerror: The sandbox is not in sync with the Podfile.lock. Run 'pod install' or update your CocoaPods installation.\nEOM\n    exit 1\nfi\n";
			showEnvVarsInLog = 0;
		};
/* End PBXShellScriptBuildPhase section */

/* Begin PBXSourcesBuildPhase section */
		663777711D332DF0009DC04B /* Sources */ = {
			isa = PBXSourcesBuildPhase;
			buildActionMask = 2147483647;
			files = (
				663777791D332DF0009DC04B /* AppDelegate.swift in Sources */,
			);
			runOnlyForDeploymentPostprocessing = 0;
		};
		663777801D332DF0009DC04B /* Sources */ = {
			isa = PBXSourcesBuildPhase;
			buildActionMask = 2147483647;
			files = (
				663777891D332DF0009DC04B /* MacTransitTests.swift in Sources */,
			);
			runOnlyForDeploymentPostprocessing = 0;
		};
		6637778B1D332DF0009DC04B /* Sources */ = {
			isa = PBXSourcesBuildPhase;
			buildActionMask = 2147483647;
			files = (
				663777941D332DF0009DC04B /* MacTransitUITests.swift in Sources */,
			);
			runOnlyForDeploymentPostprocessing = 0;
		};
/* End PBXSourcesBuildPhase section */

/* Begin PBXTargetDependency section */
		663777861D332DF0009DC04B /* PBXTargetDependency */ = {
			isa = PBXTargetDependency;
			target = 663777741D332DF0009DC04B /* MacTransit */;
			targetProxy = 663777851D332DF0009DC04B /* PBXContainerItemProxy */;
		};
		663777911D332DF0009DC04B /* PBXTargetDependency */ = {
			isa = PBXTargetDependency;
			target = 663777741D332DF0009DC04B /* MacTransit */;
			targetProxy = 663777901D332DF0009DC04B /* PBXContainerItemProxy */;
		};
/* End PBXTargetDependency section */

/* Begin PBXVariantGroup section */
		6637777C1D332DF0009DC04B /* MainMenu.xib */ = {
			isa = PBXVariantGroup;
			children = (
				6637777D1D332DF0009DC04B /* Base */,
			);
			name = MainMenu.xib;
			sourceTree = "<group>";
		};
/* End PBXVariantGroup section */

/* Begin XCBuildConfiguration section */
		663777961D332DF0009DC04B /* Debug */ = {
			isa = XCBuildConfiguration;
			buildSettings = {
				ALWAYS_SEARCH_USER_PATHS = NO;
				CLANG_ANALYZER_NONNULL = YES;
				CLANG_CXX_LANGUAGE_STANDARD = "gnu++0x";
				CLANG_CXX_LIBRARY = "libc++";
				CLANG_ENABLE_MODULES = YES;
				CLANG_ENABLE_OBJC_ARC = YES;
				CLANG_WARN_BOOL_CONVERSION = YES;
				CLANG_WARN_CONSTANT_CONVERSION = YES;
				CLANG_WARN_DIRECT_OBJC_ISA_USAGE = YES_ERROR;
				CLANG_WARN_EMPTY_BODY = YES;
				CLANG_WARN_ENUM_CONVERSION = YES;
				CLANG_WARN_INT_CONVERSION = YES;
				CLANG_WARN_OBJC_ROOT_CLASS = YES_ERROR;
				CLANG_WARN_UNREACHABLE_CODE = YES;
				CLANG_WARN__DUPLICATE_METHOD_MATCH = YES;
				CODE_SIGN_IDENTITY = "-";
				COPY_PHASE_STRIP = NO;
				DEBUG_INFORMATION_FORMAT = dwarf;
				ENABLE_STRICT_OBJC_MSGSEND = YES;
				ENABLE_TESTABILITY = YES;
				GCC_C_LANGUAGE_STANDARD = gnu99;
				GCC_DYNAMIC_NO_PIC = NO;
				GCC_NO_COMMON_BLOCKS = YES;
				GCC_OPTIMIZATION_LEVEL = 0;
				GCC_PREPROCESSOR_DEFINITIONS = (
					"DEBUG=1",
					"$(inherited)",
				);
				GCC_WARN_64_TO_32_BIT_CONVERSION = YES;
				GCC_WARN_ABOUT_RETURN_TYPE = YES_ERROR;
				GCC_WARN_UNDECLARED_SELECTOR = YES;
				GCC_WARN_UNINITIALIZED_AUTOS = YES_AGGRESSIVE;
				GCC_WARN_UNUSED_FUNCTION = YES;
				GCC_WARN_UNUSED_VARIABLE = YES;
				MACOSX_DEPLOYMENT_TARGET = 10.12;
				MTL_ENABLE_DEBUG_INFO = YES;
				ONLY_ACTIVE_ARCH = YES;
				SDKROOT = macosx;
				SWIFT_OPTIMIZATION_LEVEL = "-Onone";
			};
			name = Debug;
		};
		663777971D332DF0009DC04B /* Release */ = {
			isa = XCBuildConfiguration;
			buildSettings = {
				ALWAYS_SEARCH_USER_PATHS = NO;
				CLANG_ANALYZER_NONNULL = YES;
				CLANG_CXX_LANGUAGE_STANDARD = "gnu++0x";
				CLANG_CXX_LIBRARY = "libc++";
				CLANG_ENABLE_MODULES = YES;
				CLANG_ENABLE_OBJC_ARC = YES;
				CLANG_WARN_BOOL_CONVERSION = YES;
				CLANG_WARN_CONSTANT_CONVERSION = YES;
				CLANG_WARN_DIRECT_OBJC_ISA_USAGE = YES_ERROR;
				CLANG_WARN_EMPTY_BODY = YES;
				CLANG_WARN_ENUM_CONVERSION = YES;
				CLANG_WARN_INT_CONVERSION = YES;
				CLANG_WARN_OBJC_ROOT_CLASS = YES_ERROR;
				CLANG_WARN_UNREACHABLE_CODE = YES;
				CLANG_WARN__DUPLICATE_METHOD_MATCH = YES;
				CODE_SIGN_IDENTITY = "-";
				COPY_PHASE_STRIP = NO;
				DEBUG_INFORMATION_FORMAT = "dwarf-with-dsym";
				ENABLE_NS_ASSERTIONS = NO;
				ENABLE_STRICT_OBJC_MSGSEND = YES;
				GCC_C_LANGUAGE_STANDARD = gnu99;
				GCC_NO_COMMON_BLOCKS = YES;
				GCC_WARN_64_TO_32_BIT_CONVERSION = YES;
				GCC_WARN_ABOUT_RETURN_TYPE = YES_ERROR;
				GCC_WARN_UNDECLARED_SELECTOR = YES;
				GCC_WARN_UNINITIALIZED_AUTOS = YES_AGGRESSIVE;
				GCC_WARN_UNUSED_FUNCTION = YES;
				GCC_WARN_UNUSED_VARIABLE = YES;
				MACOSX_DEPLOYMENT_TARGET = 10.12;
				MTL_ENABLE_DEBUG_INFO = NO;
				SDKROOT = macosx;
			};
			name = Release;
		};
		663777991D332DF0009DC04B /* Debug */ = {
			isa = XCBuildConfiguration;
			baseConfigurationReference = CF572C3C2FD93834C003A452 /* Pods-MacTransit.debug.xcconfig */;
			buildSettings = {
				ASSETCATALOG_COMPILER_APPICON_NAME = AppIcon;
				CODE_SIGN_IDENTITY = "Mac Developer";
				"CODE_SIGN_IDENTITY[sdk=macosx*]" = "Mac Developer";
				COMBINE_HIDPI_IMAGES = YES;
				INFOPLIST_FILE = MacTransit/Info.plist;
				LD_RUNPATH_SEARCH_PATHS = "$(inherited) @executable_path/../Frameworks";
				MACOSX_DEPLOYMENT_TARGET = 10.10;
				PRODUCT_BUNDLE_IDENTIFIER = com.adam.MacTransit;
				PRODUCT_NAME = "$(TARGET_NAME)";
				PROVISIONING_PROFILE = "";
			};
			name = Debug;
		};
		6637779A1D332DF0009DC04B /* Release */ = {
			isa = XCBuildConfiguration;
			baseConfigurationReference = 44AB0DD8167473AD2BFE2B17 /* Pods-MacTransit.release.xcconfig */;
			buildSettings = {
				ASSETCATALOG_COMPILER_APPICON_NAME = AppIcon;
				CODE_SIGN_IDENTITY = "Mac Developer";
				"CODE_SIGN_IDENTITY[sdk=macosx*]" = "Mac Developer";
				COMBINE_HIDPI_IMAGES = YES;
				INFOPLIST_FILE = MacTransit/Info.plist;
				LD_RUNPATH_SEARCH_PATHS = "$(inherited) @executable_path/../Frameworks";
				MACOSX_DEPLOYMENT_TARGET = 10.10;
				PRODUCT_BUNDLE_IDENTIFIER = com.adam.MacTransit;
				PRODUCT_NAME = "$(TARGET_NAME)";
				PROVISIONING_PROFILE = "";
			};
			name = Release;
		};
		6637779C1D332DF0009DC04B /* Debug */ = {
			isa = XCBuildConfiguration;
			baseConfigurationReference = 608AB908ED0090F1066CFB58 /* Pods-MacTransitTests.debug.xcconfig */;
			buildSettings = {
				BUNDLE_LOADER = "$(TEST_HOST)";
				COMBINE_HIDPI_IMAGES = YES;
				INFOPLIST_FILE = MacTransitTests/Info.plist;
				LD_RUNPATH_SEARCH_PATHS = "$(inherited) @executable_path/../Frameworks @loader_path/../Frameworks";
				MACOSX_DEPLOYMENT_TARGET = 10.11;
				PRODUCT_BUNDLE_IDENTIFIER = com.adam.MacTransitTests;
				PRODUCT_NAME = "$(TARGET_NAME)";
				TEST_HOST = "$(BUILT_PRODUCTS_DIR)/MacTransit.app/Contents/MacOS/MacTransit";
			};
			name = Debug;
		};
		6637779D1D332DF0009DC04B /* Release */ = {
			isa = XCBuildConfiguration;
			baseConfigurationReference = D6234212238D5CDF07C41F1B /* Pods-MacTransitTests.release.xcconfig */;
			buildSettings = {
				BUNDLE_LOADER = "$(TEST_HOST)";
				COMBINE_HIDPI_IMAGES = YES;
				INFOPLIST_FILE = MacTransitTests/Info.plist;
				LD_RUNPATH_SEARCH_PATHS = "$(inherited) @executable_path/../Frameworks @loader_path/../Frameworks";
				MACOSX_DEPLOYMENT_TARGET = 10.11;
				PRODUCT_BUNDLE_IDENTIFIER = com.adam.MacTransitTests;
				PRODUCT_NAME = "$(TARGET_NAME)";
				TEST_HOST = "$(BUILT_PRODUCTS_DIR)/MacTransit.app/Contents/MacOS/MacTransit";
			};
			name = Release;
		};
		6637779F1D332DF0009DC04B /* Debug */ = {
			isa = XCBuildConfiguration;
			baseConfigurationReference = 5BB8E83CCE8441BA69E84B36 /* Pods-MacTransitUITests.debug.xcconfig */;
			buildSettings = {
				COMBINE_HIDPI_IMAGES = YES;
				INFOPLIST_FILE = MacTransitUITests/Info.plist;
				LD_RUNPATH_SEARCH_PATHS = "$(inherited) @executable_path/../Frameworks @loader_path/../Frameworks";
				MACOSX_DEPLOYMENT_TARGET = 10.11;
				PRODUCT_BUNDLE_IDENTIFIER = com.adam.MacTransitUITests;
				PRODUCT_NAME = "$(TARGET_NAME)";
				TEST_TARGET_NAME = MacTransit;
			};
			name = Debug;
		};
		663777A01D332DF0009DC04B /* Release */ = {
			isa = XCBuildConfiguration;
			baseConfigurationReference = 9C9CC8B7F22320EA317CD795 /* Pods-MacTransitUITests.release.xcconfig */;
			buildSettings = {
				COMBINE_HIDPI_IMAGES = YES;
				INFOPLIST_FILE = MacTransitUITests/Info.plist;
				LD_RUNPATH_SEARCH_PATHS = "$(inherited) @executable_path/../Frameworks @loader_path/../Frameworks";
				MACOSX_DEPLOYMENT_TARGET = 10.11;
				PRODUCT_BUNDLE_IDENTIFIER = com.adam.MacTransitUITests;
				PRODUCT_NAME = "$(TARGET_NAME)";
				TEST_TARGET_NAME = MacTransit;
			};
			name = Release;
		};
/* End XCBuildConfiguration section */

/* Begin XCConfigurationList section */
		663777701D332DF0009DC04B /* Build configuration list for PBXProject "MacTransit" */ = {
			isa = XCConfigurationList;
			buildConfigurations = (
				663777961D332DF0009DC04B /* Debug */,
				663777971D332DF0009DC04B /* Release */,
			);
			defaultConfigurationIsVisible = 0;
			defaultConfigurationName = Release;
		};
		663777981D332DF0009DC04B /* Build configuration list for PBXNativeTarget "MacTransit" */ = {
			isa = XCConfigurationList;
			buildConfigurations = (
				663777991D332DF0009DC04B /* Debug */,
				6637779A1D332DF0009DC04B /* Release */,
			);
			defaultConfigurationIsVisible = 0;
			defaultConfigurationName = Release;
		};
		6637779B1D332DF0009DC04B /* Build configuration list for PBXNativeTarget "MacTransitTests" */ = {
			isa = XCConfigurationList;
			buildConfigurations = (
				6637779C1D332DF0009DC04B /* Debug */,
				6637779D1D332DF0009DC04B /* Release */,
			);
			defaultConfigurationIsVisible = 0;
			defaultConfigurationName = Release;
		};
		6637779E1D332DF0009DC04B /* Build configuration list for PBXNativeTarget "MacTransitUITests" */ = {
			isa = XCConfigurationList;
			buildConfigurations = (
				6637779F1D332DF0009DC04B /* Debug */,
				663777A01D332DF0009DC04B /* Release */,
			);
			defaultConfigurationIsVisible = 0;
			defaultConfigurationName = Release;
		};
/* End XCConfigurationList section */
	};
	rootObject = 6637776D1D332DF0009DC04B /* Project object */;
}
