// !$*UTF8*$!
{
	archiveVersion = 1;
	classes = {
	};
	objectVersion = 46;
	objects = {

/* Begin PBXBuildFile section */
		1A23B9BA8BF44E74E747800D /* Pods_MacTransit_AppStore.framework in Frameworks */ = {isa = PBXBuildFile; fileRef = 1041BA7E3CACCEF1A71E74DD /* Pods_MacTransit_AppStore.framework */; };
		660F233F1DADF22900832EC6 /* AppDelegate.swift in Sources */ = {isa = PBXBuildFile; fileRef = 660F233E1DADF22900832EC6 /* AppDelegate.swift */; };
		660F23411DADF22900832EC6 /* ListViewController.swift in Sources */ = {isa = PBXBuildFile; fileRef = 660F23401DADF22900832EC6 /* ListViewController.swift */; };
		660F23461DADF22900832EC6 /* Assets.xcassets in Resources */ = {isa = PBXBuildFile; fileRef = 660F23451DADF22900832EC6 /* Assets.xcassets */; };
		660F23541DADF22900832EC6 /* MacTransitTests.swift in Sources */ = {isa = PBXBuildFile; fileRef = 660F23531DADF22900832EC6 /* MacTransitTests.swift */; };
		660F235F1DADF22900832EC6 /* MacTransitUITests.swift in Sources */ = {isa = PBXBuildFile; fileRef = 660F235E1DADF22900832EC6 /* MacTransitUITests.swift */; };
		663636C61DE12A190067A79B /* Main.storyboard in Resources */ = {isa = PBXBuildFile; fileRef = 663636C51DE12A190067A79B /* Main.storyboard */; };
		663636C81DE12DFA0067A79B /* NewLineViewController.swift in Sources */ = {isa = PBXBuildFile; fileRef = 663636C71DE12DFA0067A79B /* NewLineViewController.swift */; };
		663636CA1DE161710067A79B /* TransitEntry.swift in Sources */ = {isa = PBXBuildFile; fileRef = 663636C91DE161710067A79B /* TransitEntry.swift */; };
		663F9E491E00F050009116D9 /* TransitEntry.swift in Sources */ = {isa = PBXBuildFile; fileRef = 663636C91DE161710067A79B /* TransitEntry.swift */; };
		663F9E4A1E00F050009116D9 /* AboutViewController.swift in Sources */ = {isa = PBXBuildFile; fileRef = 665B07991DEBB55000AF2332 /* AboutViewController.swift */; };
		663F9E4B1E00F050009116D9 /* ListViewController.swift in Sources */ = {isa = PBXBuildFile; fileRef = 660F23401DADF22900832EC6 /* ListViewController.swift */; };
		663F9E4C1E00F050009116D9 /* Constants.swift in Sources */ = {isa = PBXBuildFile; fileRef = 66A6072C1DF675D4003C9DD6 /* Constants.swift */; };
		663F9E4D1E00F050009116D9 /* DataController.swift in Sources */ = {isa = PBXBuildFile; fileRef = 66A6072E1DF67640003C9DD6 /* DataController.swift */; };
		663F9E4E1E00F050009116D9 /* AppDelegate.swift in Sources */ = {isa = PBXBuildFile; fileRef = 660F233E1DADF22900832EC6 /* AppDelegate.swift */; };
		663F9E4F1E00F050009116D9 /* NewLineViewController.swift in Sources */ = {isa = PBXBuildFile; fileRef = 663636C71DE12DFA0067A79B /* NewLineViewController.swift */; };
		663F9E511E00F050009116D9 /* Pods_MacTransit.framework in Frameworks */ = {isa = PBXBuildFile; fileRef = 92D179A27A7C7A7872D8C1BA /* Pods_MacTransit.framework */; };
		663F9E531E00F050009116D9 /* Assets.xcassets in Resources */ = {isa = PBXBuildFile; fileRef = 660F23451DADF22900832EC6 /* Assets.xcassets */; };
		663F9E541E00F050009116D9 /* Main.storyboard in Resources */ = {isa = PBXBuildFile; fileRef = 663636C51DE12A190067A79B /* Main.storyboard */; };
		665B079A1DEBB55000AF2332 /* AboutViewController.swift in Sources */ = {isa = PBXBuildFile; fileRef = 665B07991DEBB55000AF2332 /* AboutViewController.swift */; };
		66A6072D1DF675D4003C9DD6 /* Constants.swift in Sources */ = {isa = PBXBuildFile; fileRef = 66A6072C1DF675D4003C9DD6 /* Constants.swift */; };
		66A6072F1DF67640003C9DD6 /* DataController.swift in Sources */ = {isa = PBXBuildFile; fileRef = 66A6072E1DF67640003C9DD6 /* DataController.swift */; };
		959B3D9F234E04BAD7D49CFE /* Pods_MacTransit.framework in Frameworks */ = {isa = PBXBuildFile; fileRef = 92D179A27A7C7A7872D8C1BA /* Pods_MacTransit.framework */; };
/* End PBXBuildFile section */

/* Begin PBXContainerItemProxy section */
		660F23501DADF22900832EC6 /* PBXContainerItemProxy */ = {
			isa = PBXContainerItemProxy;
			containerPortal = 660F23331DADF22900832EC6 /* Project object */;
			proxyType = 1;
			remoteGlobalIDString = 660F233A1DADF22900832EC6;
			remoteInfo = MacTransit;
		};
		660F235B1DADF22900832EC6 /* PBXContainerItemProxy */ = {
			isa = PBXContainerItemProxy;
			containerPortal = 660F23331DADF22900832EC6 /* Project object */;
			proxyType = 1;
			remoteGlobalIDString = 660F233A1DADF22900832EC6;
			remoteInfo = MacTransit;
		};
/* End PBXContainerItemProxy section */

/* Begin PBXFileReference section */
		1041BA7E3CACCEF1A71E74DD /* Pods_MacTransit_AppStore.framework */ = {isa = PBXFileReference; explicitFileType = wrapper.framework; includeInIndex = 0; path = Pods_MacTransit_AppStore.framework; sourceTree = BUILT_PRODUCTS_DIR; };
		53E7732FDE4A43FE181F12F9 /* Pods-MacTransit.debug appstore.xcconfig */ = {isa = PBXFileReference; includeInIndex = 1; lastKnownFileType = text.xcconfig; name = "Pods-MacTransit.debug appstore.xcconfig"; path = "Pods/Target Support Files/Pods-MacTransit/Pods-MacTransit.debug appstore.xcconfig"; sourceTree = "<group>"; };
		56E7B7DC2C28FC26CC3553AB /* Pods-MacTransit.debug.xcconfig */ = {isa = PBXFileReference; includeInIndex = 1; lastKnownFileType = text.xcconfig; name = "Pods-MacTransit.debug.xcconfig"; path = "Pods/Target Support Files/Pods-MacTransit/Pods-MacTransit.debug.xcconfig"; sourceTree = "<group>"; };
		595601ADBCCBDE6126163105 /* Pods-MacTransit AppStore.release appstore.xcconfig */ = {isa = PBXFileReference; includeInIndex = 1; lastKnownFileType = text.xcconfig; name = "Pods-MacTransit AppStore.release appstore.xcconfig"; path = "Pods/Target Support Files/Pods-MacTransit AppStore/Pods-MacTransit AppStore.release appstore.xcconfig"; sourceTree = "<group>"; };
		660F233B1DADF22900832EC6 /* MacTransit.app */ = {isa = PBXFileReference; explicitFileType = wrapper.application; includeInIndex = 0; path = MacTransit.app; sourceTree = BUILT_PRODUCTS_DIR; };
		660F233E1DADF22900832EC6 /* AppDelegate.swift */ = {isa = PBXFileReference; lastKnownFileType = sourcecode.swift; path = AppDelegate.swift; sourceTree = "<group>"; };
		660F23401DADF22900832EC6 /* ListViewController.swift */ = {isa = PBXFileReference; lastKnownFileType = sourcecode.swift; path = ListViewController.swift; sourceTree = "<group>"; };
		660F23451DADF22900832EC6 /* Assets.xcassets */ = {isa = PBXFileReference; lastKnownFileType = folder.assetcatalog; path = Assets.xcassets; sourceTree = "<group>"; };
		660F234A1DADF22900832EC6 /* MacTransit-Info.plist */ = {isa = PBXFileReference; lastKnownFileType = text.plist.xml; path = "MacTransit-Info.plist"; sourceTree = "<group>"; };
		660F234F1DADF22900832EC6 /* MacTransitTests.xctest */ = {isa = PBXFileReference; explicitFileType = wrapper.cfbundle; includeInIndex = 0; path = MacTransitTests.xctest; sourceTree = BUILT_PRODUCTS_DIR; };
		660F23531DADF22900832EC6 /* MacTransitTests.swift */ = {isa = PBXFileReference; lastKnownFileType = sourcecode.swift; path = MacTransitTests.swift; sourceTree = "<group>"; };
		660F23551DADF22900832EC6 /* Info.plist */ = {isa = PBXFileReference; lastKnownFileType = text.plist.xml; path = Info.plist; sourceTree = "<group>"; };
		660F235A1DADF22900832EC6 /* MacTransitUITests.xctest */ = {isa = PBXFileReference; explicitFileType = wrapper.cfbundle; includeInIndex = 0; path = MacTransitUITests.xctest; sourceTree = BUILT_PRODUCTS_DIR; };
		660F235E1DADF22900832EC6 /* MacTransitUITests.swift */ = {isa = PBXFileReference; lastKnownFileType = sourcecode.swift; path = MacTransitUITests.swift; sourceTree = "<group>"; };
		660F23601DADF22900832EC6 /* Info.plist */ = {isa = PBXFileReference; lastKnownFileType = text.plist.xml; path = Info.plist; sourceTree = "<group>"; };
		663636C51DE12A190067A79B /* Main.storyboard */ = {isa = PBXFileReference; fileEncoding = 4; lastKnownFileType = file.storyboard; path = Main.storyboard; sourceTree = "<group>"; };
		663636C71DE12DFA0067A79B /* NewLineViewController.swift */ = {isa = PBXFileReference; fileEncoding = 4; lastKnownFileType = sourcecode.swift; path = NewLineViewController.swift; sourceTree = "<group>"; };
		663636C91DE161710067A79B /* TransitEntry.swift */ = {isa = PBXFileReference; fileEncoding = 4; lastKnownFileType = sourcecode.swift; path = TransitEntry.swift; sourceTree = "<group>"; };
		663F9E2C1E00EA7B009116D9 /* MacTransit.entitlements */ = {isa = PBXFileReference; lastKnownFileType = text.plist.entitlements; path = MacTransit.entitlements; sourceTree = "<group>"; };
		663F9E5D1E00F050009116D9 /* MacTransit copy.app */ = {isa = PBXFileReference; explicitFileType = wrapper.application; includeInIndex = 0; name = "MacTransit copy.app"; path = MacTransit.app; sourceTree = BUILT_PRODUCTS_DIR; };
		664AB2F21E00DC220065385F /* SwiftBus.framework */ = {isa = PBXFileReference; lastKnownFileType = wrapper.framework; name = SwiftBus.framework; path = "../../../../../../../../Developer/Xcode/DerivedData/MacTransit-dbegpihfjenydbglgoruwhgktnbs/Build/Products/Release/SwiftBus/SwiftBus.framework"; sourceTree = "<group>"; };
		665B07991DEBB55000AF2332 /* AboutViewController.swift */ = {isa = PBXFileReference; fileEncoding = 4; lastKnownFileType = sourcecode.swift; path = AboutViewController.swift; sourceTree = "<group>"; };
		66A6072C1DF675D4003C9DD6 /* Constants.swift */ = {isa = PBXFileReference; fileEncoding = 4; lastKnownFileType = sourcecode.swift; path = Constants.swift; sourceTree = "<group>"; };
		66A6072E1DF67640003C9DD6 /* DataController.swift */ = {isa = PBXFileReference; fileEncoding = 4; lastKnownFileType = sourcecode.swift; path = DataController.swift; sourceTree = "<group>"; };
		66C923E81E00C8EF00FE067E /* MacTransit-AppStore-Info.plist */ = {isa = PBXFileReference; lastKnownFileType = text.plist.xml; name = "MacTransit-AppStore-Info.plist"; path = "/Users/adam/Library/Mobile Documents/com~apple~CloudDocs/Other/Important/Developer/TransitTraffic/MacTransit/MacTransit/MacTransit-AppStore-Info.plist"; sourceTree = "<absolute>"; };
		70B29E07A8B523C2124B88D7 /* Pods_MacTransitTests.framework */ = {isa = PBXFileReference; explicitFileType = wrapper.framework; includeInIndex = 0; path = Pods_MacTransitTests.framework; sourceTree = BUILT_PRODUCTS_DIR; };
		7888A0BD9103E31404704729 /* Pods-MacTransit.release.xcconfig */ = {isa = PBXFileReference; includeInIndex = 1; lastKnownFileType = text.xcconfig; name = "Pods-MacTransit.release.xcconfig"; path = "Pods/Target Support Files/Pods-MacTransit/Pods-MacTransit.release.xcconfig"; sourceTree = "<group>"; };
		8831FA90BE3889B49E9F293A /* Pods-MacTransit AppStore.release.xcconfig */ = {isa = PBXFileReference; includeInIndex = 1; lastKnownFileType = text.xcconfig; name = "Pods-MacTransit AppStore.release.xcconfig"; path = "Pods/Target Support Files/Pods-MacTransit AppStore/Pods-MacTransit AppStore.release.xcconfig"; sourceTree = "<group>"; };
		92D179A27A7C7A7872D8C1BA /* Pods_MacTransit.framework */ = {isa = PBXFileReference; explicitFileType = wrapper.framework; includeInIndex = 0; path = Pods_MacTransit.framework; sourceTree = BUILT_PRODUCTS_DIR; };
		9E9C21CB785E2E13A7D5EACC /* Pods-MacTransit.release appstore.xcconfig */ = {isa = PBXFileReference; includeInIndex = 1; lastKnownFileType = text.xcconfig; name = "Pods-MacTransit.release appstore.xcconfig"; path = "Pods/Target Support Files/Pods-MacTransit/Pods-MacTransit.release appstore.xcconfig"; sourceTree = "<group>"; };
		A9CAAB9BF76D430753A6F037 /* Pods-MacTransit AppStore.debug appstore.xcconfig */ = {isa = PBXFileReference; includeInIndex = 1; lastKnownFileType = text.xcconfig; name = "Pods-MacTransit AppStore.debug appstore.xcconfig"; path = "Pods/Target Support Files/Pods-MacTransit AppStore/Pods-MacTransit AppStore.debug appstore.xcconfig"; sourceTree = "<group>"; };
		BD249FAE74E4DF53E0B57939 /* Pods_MacTransitUITests.framework */ = {isa = PBXFileReference; explicitFileType = wrapper.framework; includeInIndex = 0; path = Pods_MacTransitUITests.framework; sourceTree = BUILT_PRODUCTS_DIR; };
		D3B18295A3573ABDBF513930 /* Pods-MacTransit AppStore.debug.xcconfig */ = {isa = PBXFileReference; includeInIndex = 1; lastKnownFileType = text.xcconfig; name = "Pods-MacTransit AppStore.debug.xcconfig"; path = "Pods/Target Support Files/Pods-MacTransit AppStore/Pods-MacTransit AppStore.debug.xcconfig"; sourceTree = "<group>"; };
/* End PBXFileReference section */

/* Begin PBXFrameworksBuildPhase section */
		660F23381DADF22900832EC6 /* Frameworks */ = {
			isa = PBXFrameworksBuildPhase;
			buildActionMask = 2147483647;
			files = (
				959B3D9F234E04BAD7D49CFE /* Pods_MacTransit.framework in Frameworks */,
			);
			runOnlyForDeploymentPostprocessing = 0;
		};
		660F234C1DADF22900832EC6 /* Frameworks */ = {
			isa = PBXFrameworksBuildPhase;
			buildActionMask = 2147483647;
			files = (
			);
			runOnlyForDeploymentPostprocessing = 0;
		};
		660F23571DADF22900832EC6 /* Frameworks */ = {
			isa = PBXFrameworksBuildPhase;
			buildActionMask = 2147483647;
			files = (
			);
			runOnlyForDeploymentPostprocessing = 0;
		};
		663F9E501E00F050009116D9 /* Frameworks */ = {
			isa = PBXFrameworksBuildPhase;
			buildActionMask = 2147483647;
			files = (
				663F9E511E00F050009116D9 /* Pods_MacTransit.framework in Frameworks */,
				1A23B9BA8BF44E74E747800D /* Pods_MacTransit_AppStore.framework in Frameworks */,
			);
			runOnlyForDeploymentPostprocessing = 0;
		};
/* End PBXFrameworksBuildPhase section */

/* Begin PBXGroup section */
		660F23321DADF22900832EC6 = {
			isa = PBXGroup;
			children = (
				6B953C806CA79452AE1D44D5 /* Frameworks */,
				660F233D1DADF22900832EC6 /* MacTransit */,
				660F23521DADF22900832EC6 /* MacTransitTests */,
				660F235D1DADF22900832EC6 /* MacTransitUITests */,
				D55360D75DC09E02508D9406 /* Pods */,
				660F233C1DADF22900832EC6 /* Products */,
			);
			sourceTree = "<group>";
		};
		660F233C1DADF22900832EC6 /* Products */ = {
			isa = PBXGroup;
			children = (
				660F233B1DADF22900832EC6 /* MacTransit.app */,
				660F234F1DADF22900832EC6 /* MacTransitTests.xctest */,
				660F235A1DADF22900832EC6 /* MacTransitUITests.xctest */,
				663F9E5D1E00F050009116D9 /* MacTransit copy.app */,
			);
			name = Products;
			sourceTree = "<group>";
		};
		660F233D1DADF22900832EC6 /* MacTransit */ = {
			isa = PBXGroup;
			children = (
				66AA34DC1DF7AF84002C13FD /* View Controllers */,
				660F233E1DADF22900832EC6 /* AppDelegate.swift */,
				66A6072C1DF675D4003C9DD6 /* Constants.swift */,
				66A6072E1DF67640003C9DD6 /* DataController.swift */,
				663636C91DE161710067A79B /* TransitEntry.swift */,
				660F234A1DADF22900832EC6 /* MacTransit-Info.plist */,
				66C923E81E00C8EF00FE067E /* MacTransit-AppStore-Info.plist */,
				663F9E2C1E00EA7B009116D9 /* MacTransit.entitlements */,
				663636C51DE12A190067A79B /* Main.storyboard */,
				660F23451DADF22900832EC6 /* Assets.xcassets */,
			);
			path = MacTransit;
			sourceTree = "<group>";
		};
		660F23521DADF22900832EC6 /* MacTransitTests */ = {
			isa = PBXGroup;
			children = (
				660F23551DADF22900832EC6 /* Info.plist */,
				660F23531DADF22900832EC6 /* MacTransitTests.swift */,
			);
			path = MacTransitTests;
			sourceTree = "<group>";
		};
		660F235D1DADF22900832EC6 /* MacTransitUITests */ = {
			isa = PBXGroup;
			children = (
				660F23601DADF22900832EC6 /* Info.plist */,
				660F235E1DADF22900832EC6 /* MacTransitUITests.swift */,
			);
			path = MacTransitUITests;
			sourceTree = "<group>";
		};
		66AA34DC1DF7AF84002C13FD /* View Controllers */ = {
			isa = PBXGroup;
			children = (
				665B07991DEBB55000AF2332 /* AboutViewController.swift */,
				660F23401DADF22900832EC6 /* ListViewController.swift */,
				663636C71DE12DFA0067A79B /* NewLineViewController.swift */,
			);
			path = "View Controllers";
			sourceTree = "<group>";
		};
		6B953C806CA79452AE1D44D5 /* Frameworks */ = {
			isa = PBXGroup;
			children = (
				664AB2F21E00DC220065385F /* SwiftBus.framework */,
				92D179A27A7C7A7872D8C1BA /* Pods_MacTransit.framework */,
				70B29E07A8B523C2124B88D7 /* Pods_MacTransitTests.framework */,
				BD249FAE74E4DF53E0B57939 /* Pods_MacTransitUITests.framework */,
				1041BA7E3CACCEF1A71E74DD /* Pods_MacTransit_AppStore.framework */,
			);
			name = Frameworks;
			sourceTree = "<group>";
		};
		D55360D75DC09E02508D9406 /* Pods */ = {
			isa = PBXGroup;
			children = (
				56E7B7DC2C28FC26CC3553AB /* Pods-MacTransit.debug.xcconfig */,
				7888A0BD9103E31404704729 /* Pods-MacTransit.release.xcconfig */,
				53E7732FDE4A43FE181F12F9 /* Pods-MacTransit.debug appstore.xcconfig */,
				9E9C21CB785E2E13A7D5EACC /* Pods-MacTransit.release appstore.xcconfig */,
				D3B18295A3573ABDBF513930 /* Pods-MacTransit AppStore.debug.xcconfig */,
				A9CAAB9BF76D430753A6F037 /* Pods-MacTransit AppStore.debug appstore.xcconfig */,
				8831FA90BE3889B49E9F293A /* Pods-MacTransit AppStore.release.xcconfig */,
				595601ADBCCBDE6126163105 /* Pods-MacTransit AppStore.release appstore.xcconfig */,
			);
			name = Pods;
			sourceTree = "<group>";
		};
/* End PBXGroup section */

/* Begin PBXNativeTarget section */
		660F233A1DADF22900832EC6 /* MacTransit */ = {
			isa = PBXNativeTarget;
			buildConfigurationList = 660F23631DADF22900832EC6 /* Build configuration list for PBXNativeTarget "MacTransit" */;
			buildPhases = (
				1C5FBCBACDC8B3F680F9C6BE /* [CP] Check Pods Manifest.lock */,
				660F23371DADF22900832EC6 /* Sources */,
				660F23381DADF22900832EC6 /* Frameworks */,
				660F23391DADF22900832EC6 /* Resources */,
				6C8DBCF937B39F5924453CEC /* [CP] Embed Pods Frameworks */,
				767F4B6D7AE4F76D9E2812B3 /* [CP] Copy Pods Resources */,
				663636CB1DE233660067A79B /* ShellScript */,
			);
			buildRules = (
			);
			dependencies = (
			);
			name = MacTransit;
			productName = MacTransit;
			productReference = 660F233B1DADF22900832EC6 /* MacTransit.app */;
			productType = "com.apple.product-type.application";
		};
		660F234E1DADF22900832EC6 /* MacTransitTests */ = {
			isa = PBXNativeTarget;
			buildConfigurationList = 660F23661DADF22900832EC6 /* Build configuration list for PBXNativeTarget "MacTransitTests" */;
			buildPhases = (
				4950E9C033B2DB5115543901 /* [CP] Check Pods Manifest.lock */,
				660F234B1DADF22900832EC6 /* Sources */,
				660F234C1DADF22900832EC6 /* Frameworks */,
				660F234D1DADF22900832EC6 /* Resources */,
				6D72FEBE60FE7CC00BCA92FC /* [CP] Embed Pods Frameworks */,
				32667FA3D2D315E6273A3C95 /* [CP] Copy Pods Resources */,
			);
			buildRules = (
			);
			dependencies = (
				660F23511DADF22900832EC6 /* PBXTargetDependency */,
			);
			name = MacTransitTests;
			productName = MacTransitTests;
			productReference = 660F234F1DADF22900832EC6 /* MacTransitTests.xctest */;
			productType = "com.apple.product-type.bundle.unit-test";
		};
		660F23591DADF22900832EC6 /* MacTransitUITests */ = {
			isa = PBXNativeTarget;
			buildConfigurationList = 660F23691DADF22900832EC6 /* Build configuration list for PBXNativeTarget "MacTransitUITests" */;
			buildPhases = (
				E8FACD68E22A3FE7B415B6A9 /* [CP] Check Pods Manifest.lock */,
				660F23561DADF22900832EC6 /* Sources */,
				660F23571DADF22900832EC6 /* Frameworks */,
				660F23581DADF22900832EC6 /* Resources */,
				D3443A193C87E95BEC3FA88E /* [CP] Copy Pods Resources */,
			);
			buildRules = (
			);
			dependencies = (
				660F235C1DADF22900832EC6 /* PBXTargetDependency */,
			);
			name = MacTransitUITests;
			productName = MacTransitUITests;
			productReference = 660F235A1DADF22900832EC6 /* MacTransitUITests.xctest */;
			productType = "com.apple.product-type.bundle.ui-testing";
		};
		663F9E461E00F050009116D9 /* MacTransit AppStore */ = {
			isa = PBXNativeTarget;
			buildConfigurationList = 663F9E581E00F050009116D9 /* Build configuration list for PBXNativeTarget "MacTransit AppStore" */;
			buildPhases = (
				663F9E471E00F050009116D9 /* [CP] Check Pods Manifest.lock */,
				663F9E481E00F050009116D9 /* Sources */,
				663F9E501E00F050009116D9 /* Frameworks */,
				663F9E521E00F050009116D9 /* Resources */,
				663F9E551E00F050009116D9 /* [CP] Embed Pods Frameworks */,
				663F9E561E00F050009116D9 /* [CP] Copy Pods Resources */,
				663F9E571E00F050009116D9 /* ShellScript */,
			);
			buildRules = (
			);
			dependencies = (
			);
			name = "MacTransit AppStore";
			productName = MacTransit;
			productReference = 663F9E5D1E00F050009116D9 /* MacTransit copy.app */;
			productType = "com.apple.product-type.application";
		};
/* End PBXNativeTarget section */

/* Begin PBXProject section */
		660F23331DADF22900832EC6 /* Project object */ = {
			isa = PBXProject;
			attributes = {
				LastSwiftUpdateCheck = 0800;
				LastUpgradeCheck = 0820;
				ORGANIZATIONNAME = adam;
				TargetAttributes = {
					660F233A1DADF22900832EC6 = {
						CreatedOnToolsVersion = 8.0;
						DevelopmentTeam = 6GHQ7P7EHA;
						LastSwiftMigration = 0800;
						ProvisioningStyle = Automatic;
						SystemCapabilities = {
							com.apple.Sandbox = {
								enabled = 0;
							};
						};
					};
					660F234E1DADF22900832EC6 = {
						CreatedOnToolsVersion = 8.0;
						DevelopmentTeam = 6GHQ7P7EHA;
						LastSwiftMigration = 0800;
						ProvisioningStyle = Automatic;
						TestTargetID = 660F233A1DADF22900832EC6;
					};
					660F23591DADF22900832EC6 = {
						CreatedOnToolsVersion = 8.0;
						DevelopmentTeam = 6GHQ7P7EHA;
						LastSwiftMigration = 0800;
						ProvisioningStyle = Automatic;
						TestTargetID = 660F233A1DADF22900832EC6;
					};
					663F9E461E00F050009116D9 = {
						DevelopmentTeam = 6GHQ7P7EHA;
					};
				};
			};
			buildConfigurationList = 660F23361DADF22900832EC6 /* Build configuration list for PBXProject "MacTransit" */;
			compatibilityVersion = "Xcode 3.2";
			developmentRegion = English;
			hasScannedForEncodings = 0;
			knownRegions = (
				en,
				Base,
			);
			mainGroup = 660F23321DADF22900832EC6;
			productRefGroup = 660F233C1DADF22900832EC6 /* Products */;
			projectDirPath = "";
			projectRoot = "";
			targets = (
				660F233A1DADF22900832EC6 /* MacTransit */,
				663F9E461E00F050009116D9 /* MacTransit AppStore */,
				660F234E1DADF22900832EC6 /* MacTransitTests */,
				660F23591DADF22900832EC6 /* MacTransitUITests */,
			);
		};
/* End PBXProject section */

/* Begin PBXResourcesBuildPhase section */
		660F23391DADF22900832EC6 /* Resources */ = {
			isa = PBXResourcesBuildPhase;
			buildActionMask = 2147483647;
			files = (
				660F23461DADF22900832EC6 /* Assets.xcassets in Resources */,
				663636C61DE12A190067A79B /* Main.storyboard in Resources */,
			);
			runOnlyForDeploymentPostprocessing = 0;
		};
		660F234D1DADF22900832EC6 /* Resources */ = {
			isa = PBXResourcesBuildPhase;
			buildActionMask = 2147483647;
			files = (
			);
			runOnlyForDeploymentPostprocessing = 0;
		};
		660F23581DADF22900832EC6 /* Resources */ = {
			isa = PBXResourcesBuildPhase;
			buildActionMask = 2147483647;
			files = (
			);
			runOnlyForDeploymentPostprocessing = 0;
		};
		663F9E521E00F050009116D9 /* Resources */ = {
			isa = PBXResourcesBuildPhase;
			buildActionMask = 2147483647;
			files = (
				663F9E531E00F050009116D9 /* Assets.xcassets in Resources */,
				663F9E541E00F050009116D9 /* Main.storyboard in Resources */,
			);
			runOnlyForDeploymentPostprocessing = 0;
		};
/* End PBXResourcesBuildPhase section */

/* Begin PBXShellScriptBuildPhase section */
		1C5FBCBACDC8B3F680F9C6BE /* [CP] Check Pods Manifest.lock */ = {
			isa = PBXShellScriptBuildPhase;
			buildActionMask = 2147483647;
			files = (
			);
			inputPaths = (
			);
			name = "[CP] Check Pods Manifest.lock";
			outputPaths = (
			);
			runOnlyForDeploymentPostprocessing = 0;
			shellPath = /bin/sh;
			shellScript = "diff \"${PODS_ROOT}/../Podfile.lock\" \"${PODS_ROOT}/Manifest.lock\" > /dev/null\nif [[ $? != 0 ]] ; then\n    cat << EOM\nerror: The sandbox is not in sync with the Podfile.lock. Run 'pod install' or update your CocoaPods installation.\nEOM\n    exit 1\nfi\n";
			showEnvVarsInLog = 0;
		};
		32667FA3D2D315E6273A3C95 /* [CP] Copy Pods Resources */ = {
			isa = PBXShellScriptBuildPhase;
			buildActionMask = 2147483647;
			files = (
			);
			inputPaths = (
			);
			name = "[CP] Copy Pods Resources";
			outputPaths = (
			);
			runOnlyForDeploymentPostprocessing = 0;
			shellPath = /bin/sh;
			shellScript = "\"${SRCROOT}/Pods/Target Support Files/Pods-MacTransitTests/Pods-MacTransitTests-resources.sh\"\n";
			showEnvVarsInLog = 0;
		};
		4950E9C033B2DB5115543901 /* [CP] Check Pods Manifest.lock */ = {
			isa = PBXShellScriptBuildPhase;
			buildActionMask = 2147483647;
			files = (
			);
			inputPaths = (
			);
			name = "[CP] Check Pods Manifest.lock";
			outputPaths = (
			);
			runOnlyForDeploymentPostprocessing = 0;
			shellPath = /bin/sh;
			shellScript = "diff \"${PODS_ROOT}/../Podfile.lock\" \"${PODS_ROOT}/Manifest.lock\" > /dev/null\nif [[ $? != 0 ]] ; then\n    cat << EOM\nerror: The sandbox is not in sync with the Podfile.lock. Run 'pod install' or update your CocoaPods installation.\nEOM\n    exit 1\nfi\n";
			showEnvVarsInLog = 0;
		};
		663636CB1DE233660067A79B /* ShellScript */ = {
			isa = PBXShellScriptBuildPhase;
			buildActionMask = 2147483647;
			files = (
			);
			inputPaths = (
			);
			outputPaths = (
			);
			runOnlyForDeploymentPostprocessing = 0;
			shellPath = /bin/sh;
			shellScript = "if which swiftlint >/dev/null; then\n  swiftlint\nelse\n  echo \"warning: SwiftLint not installed, download from https://github.com/realm/SwiftLint\"\nfi";
		};
		663F9E471E00F050009116D9 /* [CP] Check Pods Manifest.lock */ = {
			isa = PBXShellScriptBuildPhase;
			buildActionMask = 2147483647;
			files = (
			);
			inputPaths = (
			);
			name = "[CP] Check Pods Manifest.lock";
			outputPaths = (
			);
			runOnlyForDeploymentPostprocessing = 0;
			shellPath = /bin/sh;
			shellScript = "diff \"${PODS_ROOT}/../Podfile.lock\" \"${PODS_ROOT}/Manifest.lock\" > /dev/null\nif [[ $? != 0 ]] ; then\n    cat << EOM\nerror: The sandbox is not in sync with the Podfile.lock. Run 'pod install' or update your CocoaPods installation.\nEOM\n    exit 1\nfi\n";
			showEnvVarsInLog = 0;
		};
		663F9E551E00F050009116D9 /* [CP] Embed Pods Frameworks */ = {
			isa = PBXShellScriptBuildPhase;
			buildActionMask = 2147483647;
			files = (
			);
			inputPaths = (
			);
			name = "[CP] Embed Pods Frameworks";
			outputPaths = (
			);
			runOnlyForDeploymentPostprocessing = 0;
			shellPath = /bin/sh;
			shellScript = "\"${SRCROOT}/Pods/Target Support Files/Pods-MacTransit AppStore/Pods-MacTransit AppStore-frameworks.sh\"\n";
			showEnvVarsInLog = 0;
		};
		663F9E561E00F050009116D9 /* [CP] Copy Pods Resources */ = {
			isa = PBXShellScriptBuildPhase;
			buildActionMask = 2147483647;
			files = (
			);
			inputPaths = (
			);
			name = "[CP] Copy Pods Resources";
			outputPaths = (
			);
			runOnlyForDeploymentPostprocessing = 0;
			shellPath = /bin/sh;
			shellScript = "\"${SRCROOT}/Pods/Target Support Files/Pods-MacTransit AppStore/Pods-MacTransit AppStore-resources.sh\"\n";
			showEnvVarsInLog = 0;
		};
		663F9E571E00F050009116D9 /* ShellScript */ = {
			isa = PBXShellScriptBuildPhase;
			buildActionMask = 2147483647;
			files = (
			);
			inputPaths = (
			);
			outputPaths = (
			);
			runOnlyForDeploymentPostprocessing = 0;
			shellPath = /bin/sh;
			shellScript = "if which swiftlint >/dev/null; then\n  swiftlint\nelse\n  echo \"warning: SwiftLint not installed, download from https://github.com/realm/SwiftLint\"\nfi";
		};
		6C8DBCF937B39F5924453CEC /* [CP] Embed Pods Frameworks */ = {
			isa = PBXShellScriptBuildPhase;
			buildActionMask = 2147483647;
			files = (
			);
			inputPaths = (
			);
			name = "[CP] Embed Pods Frameworks";
			outputPaths = (
			);
			runOnlyForDeploymentPostprocessing = 0;
			shellPath = /bin/sh;
			shellScript = "\"${SRCROOT}/Pods/Target Support Files/Pods-MacTransit/Pods-MacTransit-frameworks.sh\"\n";
			showEnvVarsInLog = 0;
		};
		6D72FEBE60FE7CC00BCA92FC /* [CP] Embed Pods Frameworks */ = {
			isa = PBXShellScriptBuildPhase;
			buildActionMask = 2147483647;
			files = (
			);
			inputPaths = (
			);
			name = "[CP] Embed Pods Frameworks";
			outputPaths = (
			);
			runOnlyForDeploymentPostprocessing = 0;
			shellPath = /bin/sh;
			shellScript = "\"${SRCROOT}/Pods/Target Support Files/Pods-MacTransitTests/Pods-MacTransitTests-frameworks.sh\"\n";
			showEnvVarsInLog = 0;
		};
		767F4B6D7AE4F76D9E2812B3 /* [CP] Copy Pods Resources */ = {
			isa = PBXShellScriptBuildPhase;
			buildActionMask = 2147483647;
			files = (
			);
			inputPaths = (
			);
			name = "[CP] Copy Pods Resources";
			outputPaths = (
			);
			runOnlyForDeploymentPostprocessing = 0;
			shellPath = /bin/sh;
			shellScript = "\"${SRCROOT}/Pods/Target Support Files/Pods-MacTransit/Pods-MacTransit-resources.sh\"\n";
			showEnvVarsInLog = 0;
		};
		D3443A193C87E95BEC3FA88E /* [CP] Copy Pods Resources */ = {
			isa = PBXShellScriptBuildPhase;
			buildActionMask = 2147483647;
			files = (
			);
			inputPaths = (
			);
			name = "[CP] Copy Pods Resources";
			outputPaths = (
			);
			runOnlyForDeploymentPostprocessing = 0;
			shellPath = /bin/sh;
			shellScript = "\"${SRCROOT}/Pods/Target Support Files/Pods-MacTransitUITests/Pods-MacTransitUITests-resources.sh\"\n";
			showEnvVarsInLog = 0;
		};
		E8FACD68E22A3FE7B415B6A9 /* [CP] Check Pods Manifest.lock */ = {
			isa = PBXShellScriptBuildPhase;
			buildActionMask = 2147483647;
			files = (
			);
			inputPaths = (
			);
			name = "[CP] Check Pods Manifest.lock";
			outputPaths = (
			);
			runOnlyForDeploymentPostprocessing = 0;
			shellPath = /bin/sh;
			shellScript = "diff \"${PODS_ROOT}/../Podfile.lock\" \"${PODS_ROOT}/Manifest.lock\" > /dev/null\nif [[ $? != 0 ]] ; then\n    cat << EOM\nerror: The sandbox is not in sync with the Podfile.lock. Run 'pod install' or update your CocoaPods installation.\nEOM\n    exit 1\nfi\n";
			showEnvVarsInLog = 0;
		};
/* End PBXShellScriptBuildPhase section */

/* Begin PBXSourcesBuildPhase section */
		660F23371DADF22900832EC6 /* Sources */ = {
			isa = PBXSourcesBuildPhase;
			buildActionMask = 2147483647;
			files = (
				663636CA1DE161710067A79B /* TransitEntry.swift in Sources */,
				665B079A1DEBB55000AF2332 /* AboutViewController.swift in Sources */,
				660F23411DADF22900832EC6 /* ListViewController.swift in Sources */,
				66A6072D1DF675D4003C9DD6 /* Constants.swift in Sources */,
				66A6072F1DF67640003C9DD6 /* DataController.swift in Sources */,
				660F233F1DADF22900832EC6 /* AppDelegate.swift in Sources */,
				663636C81DE12DFA0067A79B /* NewLineViewController.swift in Sources */,
			);
			runOnlyForDeploymentPostprocessing = 0;
		};
		660F234B1DADF22900832EC6 /* Sources */ = {
			isa = PBXSourcesBuildPhase;
			buildActionMask = 2147483647;
			files = (
				660F23541DADF22900832EC6 /* MacTransitTests.swift in Sources */,
			);
			runOnlyForDeploymentPostprocessing = 0;
		};
		660F23561DADF22900832EC6 /* Sources */ = {
			isa = PBXSourcesBuildPhase;
			buildActionMask = 2147483647;
			files = (
				660F235F1DADF22900832EC6 /* MacTransitUITests.swift in Sources */,
			);
			runOnlyForDeploymentPostprocessing = 0;
		};
		663F9E481E00F050009116D9 /* Sources */ = {
			isa = PBXSourcesBuildPhase;
			buildActionMask = 2147483647;
			files = (
				663F9E491E00F050009116D9 /* TransitEntry.swift in Sources */,
				663F9E4A1E00F050009116D9 /* AboutViewController.swift in Sources */,
				663F9E4B1E00F050009116D9 /* ListViewController.swift in Sources */,
				663F9E4C1E00F050009116D9 /* Constants.swift in Sources */,
				663F9E4D1E00F050009116D9 /* DataController.swift in Sources */,
				663F9E4E1E00F050009116D9 /* AppDelegate.swift in Sources */,
				663F9E4F1E00F050009116D9 /* NewLineViewController.swift in Sources */,
			);
			runOnlyForDeploymentPostprocessing = 0;
		};
/* End PBXSourcesBuildPhase section */

/* Begin PBXTargetDependency section */
		660F23511DADF22900832EC6 /* PBXTargetDependency */ = {
			isa = PBXTargetDependency;
			target = 660F233A1DADF22900832EC6 /* MacTransit */;
			targetProxy = 660F23501DADF22900832EC6 /* PBXContainerItemProxy */;
		};
		660F235C1DADF22900832EC6 /* PBXTargetDependency */ = {
			isa = PBXTargetDependency;
			target = 660F233A1DADF22900832EC6 /* MacTransit */;
			targetProxy = 660F235B1DADF22900832EC6 /* PBXContainerItemProxy */;
		};
/* End PBXTargetDependency section */

/* Begin XCBuildConfiguration section */
		660F23611DADF22900832EC6 /* Debug */ = {
			isa = XCBuildConfiguration;
			buildSettings = {
				ALWAYS_SEARCH_USER_PATHS = NO;
				CLANG_ANALYZER_NONNULL = YES;
				CLANG_CXX_LANGUAGE_STANDARD = "gnu++0x";
				CLANG_CXX_LIBRARY = "libc++";
				CLANG_ENABLE_MODULES = YES;
				CLANG_ENABLE_OBJC_ARC = YES;
				CLANG_WARN_BOOL_CONVERSION = YES;
				CLANG_WARN_CONSTANT_CONVERSION = YES;
				CLANG_WARN_DIRECT_OBJC_ISA_USAGE = YES_ERROR;
				CLANG_WARN_DOCUMENTATION_COMMENTS = YES;
				CLANG_WARN_EMPTY_BODY = YES;
				CLANG_WARN_ENUM_CONVERSION = YES;
				CLANG_WARN_INFINITE_RECURSION = YES;
				CLANG_WARN_INT_CONVERSION = YES;
				CLANG_WARN_OBJC_ROOT_CLASS = YES_ERROR;
				CLANG_WARN_SUSPICIOUS_MOVE = YES;
				CLANG_WARN_SUSPICIOUS_MOVES = YES;
				CLANG_WARN_UNREACHABLE_CODE = YES;
				CLANG_WARN__DUPLICATE_METHOD_MATCH = YES;
				CODE_SIGN_IDENTITY = "-";
				COPY_PHASE_STRIP = NO;
				DEBUG_INFORMATION_FORMAT = dwarf;
				ENABLE_STRICT_OBJC_MSGSEND = YES;
				ENABLE_TESTABILITY = YES;
				GCC_C_LANGUAGE_STANDARD = gnu99;
				GCC_DYNAMIC_NO_PIC = NO;
				GCC_NO_COMMON_BLOCKS = YES;
				GCC_OPTIMIZATION_LEVEL = 0;
				GCC_PREPROCESSOR_DEFINITIONS = (
					"DEBUG=1",
					"$(inherited)",
				);
				GCC_WARN_64_TO_32_BIT_CONVERSION = YES;
				GCC_WARN_ABOUT_RETURN_TYPE = YES_ERROR;
				GCC_WARN_UNDECLARED_SELECTOR = YES;
				GCC_WARN_UNINITIALIZED_AUTOS = YES_AGGRESSIVE;
				GCC_WARN_UNUSED_FUNCTION = YES;
				GCC_WARN_UNUSED_VARIABLE = YES;
				MACOSX_DEPLOYMENT_TARGET = 10.12;
				MTL_ENABLE_DEBUG_INFO = YES;
				ONLY_ACTIVE_ARCH = YES;
				SDKROOT = macosx;
				SWIFT_ACTIVE_COMPILATION_CONDITIONS = DEBUG;
				SWIFT_OPTIMIZATION_LEVEL = "-Onone";
			};
			name = Debug;
		};
		660F23621DADF22900832EC6 /* Release */ = {
			isa = XCBuildConfiguration;
			buildSettings = {
				ALWAYS_SEARCH_USER_PATHS = NO;
				CLANG_ANALYZER_NONNULL = YES;
				CLANG_CXX_LANGUAGE_STANDARD = "gnu++0x";
				CLANG_CXX_LIBRARY = "libc++";
				CLANG_ENABLE_MODULES = YES;
				CLANG_ENABLE_OBJC_ARC = YES;
				CLANG_WARN_BOOL_CONVERSION = YES;
				CLANG_WARN_CONSTANT_CONVERSION = YES;
				CLANG_WARN_DIRECT_OBJC_ISA_USAGE = YES_ERROR;
				CLANG_WARN_DOCUMENTATION_COMMENTS = YES;
				CLANG_WARN_EMPTY_BODY = YES;
				CLANG_WARN_ENUM_CONVERSION = YES;
				CLANG_WARN_INFINITE_RECURSION = YES;
				CLANG_WARN_INT_CONVERSION = YES;
				CLANG_WARN_OBJC_ROOT_CLASS = YES_ERROR;
				CLANG_WARN_SUSPICIOUS_MOVE = YES;
				CLANG_WARN_SUSPICIOUS_MOVES = YES;
				CLANG_WARN_UNREACHABLE_CODE = YES;
				CLANG_WARN__DUPLICATE_METHOD_MATCH = YES;
				CODE_SIGN_IDENTITY = "-";
				COPY_PHASE_STRIP = NO;
				DEBUG_INFORMATION_FORMAT = "dwarf-with-dsym";
				ENABLE_NS_ASSERTIONS = NO;
				ENABLE_STRICT_OBJC_MSGSEND = YES;
				GCC_C_LANGUAGE_STANDARD = gnu99;
				GCC_NO_COMMON_BLOCKS = YES;
				GCC_WARN_64_TO_32_BIT_CONVERSION = YES;
				GCC_WARN_ABOUT_RETURN_TYPE = YES_ERROR;
				GCC_WARN_UNDECLARED_SELECTOR = YES;
				GCC_WARN_UNINITIALIZED_AUTOS = YES_AGGRESSIVE;
				GCC_WARN_UNUSED_FUNCTION = YES;
				GCC_WARN_UNUSED_VARIABLE = YES;
				MACOSX_DEPLOYMENT_TARGET = 10.12;
				MTL_ENABLE_DEBUG_INFO = NO;
				SDKROOT = macosx;
				SWIFT_OPTIMIZATION_LEVEL = "-Owholemodule";
			};
			name = Release;
		};
		660F23641DADF22900832EC6 /* Debug */ = {
			isa = XCBuildConfiguration;
			baseConfigurationReference = 56E7B7DC2C28FC26CC3553AB /* Pods-MacTransit.debug.xcconfig */;
			buildSettings = {
				ALWAYS_EMBED_SWIFT_STANDARD_LIBRARIES = YES;
				ASSETCATALOG_COMPILER_APPICON_NAME = AppIcon;
				CODE_SIGN_ENTITLEMENTS = MacTransit/MacTransit.entitlements;
				CODE_SIGN_IDENTITY = "Mac Developer";
				COMBINE_HIDPI_IMAGES = YES;
				DEVELOPMENT_TEAM = 6GHQ7P7EHA;
				GCC_PREPROCESSOR_DEFINITIONS = (
					"$(inherited)",
					"COCOAPODS=1",
				);
				INFOPLIST_FILE = "$(SRCROOT)/MacTransit/MacTransit-Info.plist";
				LD_RUNPATH_SEARCH_PATHS = "$(inherited) @executable_path/../Frameworks";
				MACOSX_DEPLOYMENT_TARGET = 10.10;
				OTHER_SWIFT_FLAGS = "$(inherited) \"-D\" \"COCOAPODS\" \"-D\" \"SPARKLE\"";
				PRODUCT_BUNDLE_IDENTIFIER = com.adam.MacTransit;
				PRODUCT_NAME = "$(TARGET_NAME)";
				SWIFT_VERSION = 3.0;
			};
			name = Debug;
		};
		660F23651DADF22900832EC6 /* Release */ = {
			isa = XCBuildConfiguration;
			baseConfigurationReference = 7888A0BD9103E31404704729 /* Pods-MacTransit.release.xcconfig */;
			buildSettings = {
				ALWAYS_EMBED_SWIFT_STANDARD_LIBRARIES = YES;
				ASSETCATALOG_COMPILER_APPICON_NAME = AppIcon;
				CODE_SIGN_ENTITLEMENTS = MacTransit/MacTransit.entitlements;
				CODE_SIGN_IDENTITY = "Mac Developer";
				COMBINE_HIDPI_IMAGES = YES;
				DEVELOPMENT_TEAM = 6GHQ7P7EHA;
				GCC_PREPROCESSOR_DEFINITIONS = (
					"$(inherited)",
					"COCOAPODS=1",
				);
				INFOPLIST_FILE = "$(SRCROOT)/MacTransit/MacTransit-Info.plist";
				LD_RUNPATH_SEARCH_PATHS = "$(inherited) @executable_path/../Frameworks";
				MACOSX_DEPLOYMENT_TARGET = 10.10;
				OTHER_SWIFT_FLAGS = "$(inherited) \"-D\" \"COCOAPODS\" \"-D\" \"SPARKLE\"";
				PRODUCT_BUNDLE_IDENTIFIER = com.adam.MacTransit;
				PRODUCT_NAME = "$(TARGET_NAME)";
				SWIFT_VERSION = 3.0;
			};
			name = Release;
		};
		660F23671DADF22900832EC6 /* Debug */ = {
			isa = XCBuildConfiguration;
			buildSettings = {
				ALWAYS_EMBED_SWIFT_STANDARD_LIBRARIES = YES;
				BUNDLE_LOADER = "$(TEST_HOST)";
				COMBINE_HIDPI_IMAGES = YES;
				DEVELOPMENT_TEAM = 6GHQ7P7EHA;
				INFOPLIST_FILE = MacTransitTests/Info.plist;
				LD_RUNPATH_SEARCH_PATHS = "$(inherited) @executable_path/../Frameworks @loader_path/../Frameworks";
				PRODUCT_BUNDLE_IDENTIFIER = com.adam.MacTransitTests;
				PRODUCT_NAME = "$(TARGET_NAME)";
				SWIFT_VERSION = 3.0;
				TEST_HOST = "$(BUILT_PRODUCTS_DIR)/MacTransit.app/Contents/MacOS/MacTransit";
			};
			name = Debug;
		};
		660F23681DADF22900832EC6 /* Release */ = {
			isa = XCBuildConfiguration;
			buildSettings = {
				ALWAYS_EMBED_SWIFT_STANDARD_LIBRARIES = YES;
				BUNDLE_LOADER = "$(TEST_HOST)";
				COMBINE_HIDPI_IMAGES = YES;
				DEVELOPMENT_TEAM = 6GHQ7P7EHA;
				INFOPLIST_FILE = MacTransitTests/Info.plist;
				LD_RUNPATH_SEARCH_PATHS = "$(inherited) @executable_path/../Frameworks @loader_path/../Frameworks";
				PRODUCT_BUNDLE_IDENTIFIER = com.adam.MacTransitTests;
				PRODUCT_NAME = "$(TARGET_NAME)";
				SWIFT_VERSION = 3.0;
				TEST_HOST = "$(BUILT_PRODUCTS_DIR)/MacTransit.app/Contents/MacOS/MacTransit";
			};
			name = Release;
		};
		660F236A1DADF22900832EC6 /* Debug */ = {
			isa = XCBuildConfiguration;
			buildSettings = {
				ALWAYS_EMBED_SWIFT_STANDARD_LIBRARIES = YES;
				COMBINE_HIDPI_IMAGES = YES;
				DEVELOPMENT_TEAM = 6GHQ7P7EHA;
				INFOPLIST_FILE = MacTransitUITests/Info.plist;
				LD_RUNPATH_SEARCH_PATHS = "$(inherited) @executable_path/../Frameworks @loader_path/../Frameworks";
				PRODUCT_BUNDLE_IDENTIFIER = com.adam.MacTransitUITests;
				PRODUCT_NAME = "$(TARGET_NAME)";
				SWIFT_VERSION = 3.0;
				TEST_TARGET_NAME = MacTransit;
			};
			name = Debug;
		};
		660F236B1DADF22900832EC6 /* Release */ = {
			isa = XCBuildConfiguration;
			buildSettings = {
				ALWAYS_EMBED_SWIFT_STANDARD_LIBRARIES = YES;
				COMBINE_HIDPI_IMAGES = YES;
				DEVELOPMENT_TEAM = 6GHQ7P7EHA;
				INFOPLIST_FILE = MacTransitUITests/Info.plist;
				LD_RUNPATH_SEARCH_PATHS = "$(inherited) @executable_path/../Frameworks @loader_path/../Frameworks";
				PRODUCT_BUNDLE_IDENTIFIER = com.adam.MacTransitUITests;
				PRODUCT_NAME = "$(TARGET_NAME)";
				SWIFT_VERSION = 3.0;
				TEST_TARGET_NAME = MacTransit;
			};
			name = Release;
		};
		663F9E591E00F050009116D9 /* Debug */ = {
			isa = XCBuildConfiguration;
			baseConfigurationReference = D3B18295A3573ABDBF513930 /* Pods-MacTransit AppStore.debug.xcconfig */;
			buildSettings = {
				ALWAYS_EMBED_SWIFT_STANDARD_LIBRARIES = YES;
				ASSETCATALOG_COMPILER_APPICON_NAME = AppIcon;
				CODE_SIGN_ENTITLEMENTS = MacTransit/MacTransit.entitlements;
				CODE_SIGN_IDENTITY = "Mac Developer";
				COMBINE_HIDPI_IMAGES = YES;
				DEVELOPMENT_TEAM = 6GHQ7P7EHA;
				GCC_PREPROCESSOR_DEFINITIONS = (
					"$(inherited)",
					"COCOAPODS=1",
				);
				INFOPLIST_FILE = "$(SRCROOT)/MacTransit-AppStore-Info.plist";
				LD_RUNPATH_SEARCH_PATHS = "$(inherited) @executable_path/../Frameworks";
				MACOSX_DEPLOYMENT_TARGET = 10.10;
				OTHER_SWIFT_FLAGS = "$(inherited) \"-D\" \"COCOAPODS\" \"-D\" \"SPARKLE\"";
				PRODUCT_BUNDLE_IDENTIFIER = com.adam.MacTransit;
				PRODUCT_NAME = MacTransit;
				SWIFT_VERSION = 3.0;
			};
			name = Debug;
		};
		663F9E5A1E00F050009116D9 /* Debug AppStore */ = {
			isa = XCBuildConfiguration;
			baseConfigurationReference = A9CAAB9BF76D430753A6F037 /* Pods-MacTransit AppStore.debug appstore.xcconfig */;
			buildSettings = {
				ALWAYS_EMBED_SWIFT_STANDARD_LIBRARIES = YES;
				ASSETCATALOG_COMPILER_APPICON_NAME = AppIcon;
				CODE_SIGN_ENTITLEMENTS = MacTransit/MacTransit.entitlements;
				CODE_SIGN_IDENTITY = "Mac Developer";
				COMBINE_HIDPI_IMAGES = YES;
				DEVELOPMENT_TEAM = 6GHQ7P7EHA;
				GCC_PREPROCESSOR_DEFINITIONS = (
					"$(inherited)",
					"COCOAPODS=1",
				);
				INFOPLIST_FILE = "$(SRCROOT)/MacTransit-AppStore-Info.plist";
				LD_RUNPATH_SEARCH_PATHS = "$(inherited) @executable_path/../Frameworks";
				MACOSX_DEPLOYMENT_TARGET = 10.10;
				PRODUCT_BUNDLE_IDENTIFIER = com.adam.MacTransit;
				PRODUCT_NAME = MacTransit;
				SWIFT_VERSION = 3.0;
			};
			name = "Debug AppStore";
		};
		663F9E5B1E00F050009116D9 /* Release */ = {
			isa = XCBuildConfiguration;
			baseConfigurationReference = 8831FA90BE3889B49E9F293A /* Pods-MacTransit AppStore.release.xcconfig */;
			buildSettings = {
				ALWAYS_EMBED_SWIFT_STANDARD_LIBRARIES = YES;
				ASSETCATALOG_COMPILER_APPICON_NAME = AppIcon;
				CODE_SIGN_ENTITLEMENTS = MacTransit/MacTransit.entitlements;
				CODE_SIGN_IDENTITY = "Mac Developer";
				COMBINE_HIDPI_IMAGES = YES;
				DEVELOPMENT_TEAM = 6GHQ7P7EHA;
				GCC_PREPROCESSOR_DEFINITIONS = (
					"$(inherited)",
					"COCOAPODS=1",
				);
				INFOPLIST_FILE = "$(SRCROOT)/MacTransit-AppStore-Info.plist";
				LD_RUNPATH_SEARCH_PATHS = "$(inherited) @executable_path/../Frameworks";
				MACOSX_DEPLOYMENT_TARGET = 10.10;
				OTHER_SWIFT_FLAGS = "$(inherited) \"-D\" \"COCOAPODS\" \"-D\" \"SPARKLE\"";
				PRODUCT_BUNDLE_IDENTIFIER = com.adam.MacTransit;
				PRODUCT_NAME = MacTransit;
				SWIFT_VERSION = 3.0;
			};
			name = Release;
		};
		663F9E5C1E00F050009116D9 /* Release AppStore */ = {
			isa = XCBuildConfiguration;
			baseConfigurationReference = 595601ADBCCBDE6126163105 /* Pods-MacTransit AppStore.release appstore.xcconfig */;
			buildSettings = {
				ALWAYS_EMBED_SWIFT_STANDARD_LIBRARIES = YES;
				ASSETCATALOG_COMPILER_APPICON_NAME = AppIcon;
				CODE_SIGN_ENTITLEMENTS = MacTransit/MacTransit.entitlements;
				CODE_SIGN_IDENTITY = "Mac Developer";
				COMBINE_HIDPI_IMAGES = YES;
				DEVELOPMENT_TEAM = 6GHQ7P7EHA;
				GCC_PREPROCESSOR_DEFINITIONS = (
					"$(inherited)",
					"COCOAPODS=1",
				);
				INFOPLIST_FILE = "$(SRCROOT)/MacTransit-AppStore-Info.plist";
				LD_RUNPATH_SEARCH_PATHS = "$(inherited) @executable_path/../Frameworks";
				MACOSX_DEPLOYMENT_TARGET = 10.10;
				PRODUCT_BUNDLE_IDENTIFIER = com.adam.MacTransit;
				PRODUCT_NAME = MacTransit;
				SWIFT_VERSION = 3.0;
			};
			name = "Release AppStore";
		};
		66C923E91E00D5C200FE067E /* Debug AppStore */ = {
			isa = XCBuildConfiguration;
			buildSettings = {
				ALWAYS_SEARCH_USER_PATHS = NO;
				CLANG_ANALYZER_NONNULL = YES;
				CLANG_CXX_LANGUAGE_STANDARD = "gnu++0x";
				CLANG_CXX_LIBRARY = "libc++";
				CLANG_ENABLE_MODULES = YES;
				CLANG_ENABLE_OBJC_ARC = YES;
				CLANG_WARN_BOOL_CONVERSION = YES;
				CLANG_WARN_CONSTANT_CONVERSION = YES;
				CLANG_WARN_DIRECT_OBJC_ISA_USAGE = YES_ERROR;
				CLANG_WARN_DOCUMENTATION_COMMENTS = YES;
				CLANG_WARN_EMPTY_BODY = YES;
				CLANG_WARN_ENUM_CONVERSION = YES;
				CLANG_WARN_INFINITE_RECURSION = YES;
				CLANG_WARN_INT_CONVERSION = YES;
				CLANG_WARN_OBJC_ROOT_CLASS = YES_ERROR;
				CLANG_WARN_SUSPICIOUS_MOVE = YES;
				CLANG_WARN_SUSPICIOUS_MOVES = YES;
				CLANG_WARN_UNREACHABLE_CODE = YES;
				CLANG_WARN__DUPLICATE_METHOD_MATCH = YES;
				CODE_SIGN_IDENTITY = "-";
				COPY_PHASE_STRIP = NO;
				DEBUG_INFORMATION_FORMAT = dwarf;
				ENABLE_STRICT_OBJC_MSGSEND = YES;
				ENABLE_TESTABILITY = YES;
				GCC_C_LANGUAGE_STANDARD = gnu99;
				GCC_DYNAMIC_NO_PIC = NO;
				GCC_NO_COMMON_BLOCKS = YES;
				GCC_OPTIMIZATION_LEVEL = 0;
				GCC_PREPROCESSOR_DEFINITIONS = (
					"DEBUG=1",
					"$(inherited)",
				);
				GCC_WARN_64_TO_32_BIT_CONVERSION = YES;
				GCC_WARN_ABOUT_RETURN_TYPE = YES_ERROR;
				GCC_WARN_UNDECLARED_SELECTOR = YES;
				GCC_WARN_UNINITIALIZED_AUTOS = YES_AGGRESSIVE;
				GCC_WARN_UNUSED_FUNCTION = YES;
				GCC_WARN_UNUSED_VARIABLE = YES;
				MACOSX_DEPLOYMENT_TARGET = 10.12;
				MTL_ENABLE_DEBUG_INFO = YES;
				ONLY_ACTIVE_ARCH = YES;
				SDKROOT = macosx;
				SWIFT_ACTIVE_COMPILATION_CONDITIONS = DEBUG;
				SWIFT_OPTIMIZATION_LEVEL = "-Onone";
			};
			name = "Debug AppStore";
		};
		66C923EA1E00D5C200FE067E /* Debug AppStore */ = {
			isa = XCBuildConfiguration;
			baseConfigurationReference = 53E7732FDE4A43FE181F12F9 /* Pods-MacTransit.debug appstore.xcconfig */;
			buildSettings = {
				ALWAYS_EMBED_SWIFT_STANDARD_LIBRARIES = YES;
				ASSETCATALOG_COMPILER_APPICON_NAME = AppIcon;
				CODE_SIGN_ENTITLEMENTS = MacTransit/MacTransit.entitlements;
				CODE_SIGN_IDENTITY = "Mac Developer";
				COMBINE_HIDPI_IMAGES = YES;
				DEVELOPMENT_TEAM = 6GHQ7P7EHA;
				GCC_PREPROCESSOR_DEFINITIONS = (
					"$(inherited)",
					"COCOAPODS=1",
				);
				INFOPLIST_FILE = "$(SRCROOT)/MacTransit/MacTransit-Info.plist";
				LD_RUNPATH_SEARCH_PATHS = "$(inherited) @executable_path/../Frameworks";
				MACOSX_DEPLOYMENT_TARGET = 10.10;
				PRODUCT_BUNDLE_IDENTIFIER = com.adam.MacTransit;
				PRODUCT_NAME = "$(TARGET_NAME)";
				SWIFT_VERSION = 3.0;
			};
			name = "Debug AppStore";
		};
		66C923EC1E00D5C200FE067E /* Debug AppStore */ = {
			isa = XCBuildConfiguration;
			buildSettings = {
				ALWAYS_EMBED_SWIFT_STANDARD_LIBRARIES = YES;
				BUNDLE_LOADER = "$(TEST_HOST)";
				COMBINE_HIDPI_IMAGES = YES;
				DEVELOPMENT_TEAM = 6GHQ7P7EHA;
				INFOPLIST_FILE = MacTransitTests/Info.plist;
				LD_RUNPATH_SEARCH_PATHS = "$(inherited) @executable_path/../Frameworks @loader_path/../Frameworks";
				PRODUCT_BUNDLE_IDENTIFIER = com.adam.MacTransitTests;
				PRODUCT_NAME = "$(TARGET_NAME)";
				SWIFT_VERSION = 3.0;
				TEST_HOST = "$(BUILT_PRODUCTS_DIR)/MacTransit.app/Contents/MacOS/MacTransit";
			};
			name = "Debug AppStore";
		};
		66C923ED1E00D5C200FE067E /* Debug AppStore */ = {
			isa = XCBuildConfiguration;
			buildSettings = {
				ALWAYS_EMBED_SWIFT_STANDARD_LIBRARIES = YES;
				COMBINE_HIDPI_IMAGES = YES;
				DEVELOPMENT_TEAM = 6GHQ7P7EHA;
				INFOPLIST_FILE = MacTransitUITests/Info.plist;
				LD_RUNPATH_SEARCH_PATHS = "$(inherited) @executable_path/../Frameworks @loader_path/../Frameworks";
				PRODUCT_BUNDLE_IDENTIFIER = com.adam.MacTransitUITests;
				PRODUCT_NAME = "$(TARGET_NAME)";
				SWIFT_VERSION = 3.0;
				TEST_TARGET_NAME = MacTransit;
			};
			name = "Debug AppStore";
		};
		66C923EE1E00D5C800FE067E /* Release AppStore */ = {
			isa = XCBuildConfiguration;
			buildSettings = {
				ALWAYS_SEARCH_USER_PATHS = NO;
				CLANG_ANALYZER_NONNULL = YES;
				CLANG_CXX_LANGUAGE_STANDARD = "gnu++0x";
				CLANG_CXX_LIBRARY = "libc++";
				CLANG_ENABLE_MODULES = YES;
				CLANG_ENABLE_OBJC_ARC = YES;
				CLANG_WARN_BOOL_CONVERSION = YES;
				CLANG_WARN_CONSTANT_CONVERSION = YES;
				CLANG_WARN_DIRECT_OBJC_ISA_USAGE = YES_ERROR;
				CLANG_WARN_DOCUMENTATION_COMMENTS = YES;
				CLANG_WARN_EMPTY_BODY = YES;
				CLANG_WARN_ENUM_CONVERSION = YES;
				CLANG_WARN_INFINITE_RECURSION = YES;
				CLANG_WARN_INT_CONVERSION = YES;
				CLANG_WARN_OBJC_ROOT_CLASS = YES_ERROR;
				CLANG_WARN_SUSPICIOUS_MOVE = YES;
				CLANG_WARN_SUSPICIOUS_MOVES = YES;
				CLANG_WARN_UNREACHABLE_CODE = YES;
				CLANG_WARN__DUPLICATE_METHOD_MATCH = YES;
				CODE_SIGN_IDENTITY = "-";
				COPY_PHASE_STRIP = NO;
				DEBUG_INFORMATION_FORMAT = "dwarf-with-dsym";
				ENABLE_NS_ASSERTIONS = NO;
				ENABLE_STRICT_OBJC_MSGSEND = YES;
				GCC_C_LANGUAGE_STANDARD = gnu99;
				GCC_NO_COMMON_BLOCKS = YES;
				GCC_WARN_64_TO_32_BIT_CONVERSION = YES;
				GCC_WARN_ABOUT_RETURN_TYPE = YES_ERROR;
				GCC_WARN_UNDECLARED_SELECTOR = YES;
				GCC_WARN_UNINITIALIZED_AUTOS = YES_AGGRESSIVE;
				GCC_WARN_UNUSED_FUNCTION = YES;
				GCC_WARN_UNUSED_VARIABLE = YES;
				MACOSX_DEPLOYMENT_TARGET = 10.12;
				MTL_ENABLE_DEBUG_INFO = NO;
				SDKROOT = macosx;
				SWIFT_OPTIMIZATION_LEVEL = "-Owholemodule";
			};
			name = "Release AppStore";
		};
		66C923EF1E00D5C800FE067E /* Release AppStore */ = {
			isa = XCBuildConfiguration;
			baseConfigurationReference = 9E9C21CB785E2E13A7D5EACC /* Pods-MacTransit.release appstore.xcconfig */;
			buildSettings = {
				ALWAYS_EMBED_SWIFT_STANDARD_LIBRARIES = YES;
				ASSETCATALOG_COMPILER_APPICON_NAME = AppIcon;
				CODE_SIGN_ENTITLEMENTS = MacTransit/MacTransit.entitlements;
				CODE_SIGN_IDENTITY = "Mac Developer";
				COMBINE_HIDPI_IMAGES = YES;
				DEVELOPMENT_TEAM = 6GHQ7P7EHA;
				GCC_PREPROCESSOR_DEFINITIONS = (
					"$(inherited)",
					"COCOAPODS=1",
				);
				INFOPLIST_FILE = "$(SRCROOT)/MacTransit/MacTransit-Info.plist";
				LD_RUNPATH_SEARCH_PATHS = "$(inherited) @executable_path/../Frameworks";
				MACOSX_DEPLOYMENT_TARGET = 10.10;
				PRODUCT_BUNDLE_IDENTIFIER = com.adam.MacTransit;
				PRODUCT_NAME = "$(TARGET_NAME)";
				SWIFT_VERSION = 3.0;
			};
			name = "Release AppStore";
		};
		66C923F11E00D5C800FE067E /* Release AppStore */ = {
			isa = XCBuildConfiguration;
			buildSettings = {
				ALWAYS_EMBED_SWIFT_STANDARD_LIBRARIES = YES;
				BUNDLE_LOADER = "$(TEST_HOST)";
				COMBINE_HIDPI_IMAGES = YES;
				DEVELOPMENT_TEAM = 6GHQ7P7EHA;
				INFOPLIST_FILE = MacTransitTests/Info.plist;
				LD_RUNPATH_SEARCH_PATHS = "$(inherited) @executable_path/../Frameworks @loader_path/../Frameworks";
				PRODUCT_BUNDLE_IDENTIFIER = com.adam.MacTransitTests;
				PRODUCT_NAME = "$(TARGET_NAME)";
				SWIFT_VERSION = 3.0;
				TEST_HOST = "$(BUILT_PRODUCTS_DIR)/MacTransit.app/Contents/MacOS/MacTransit";
			};
			name = "Release AppStore";
		};
		66C923F21E00D5C800FE067E /* Release AppStore */ = {
			isa = XCBuildConfiguration;
			buildSettings = {
				ALWAYS_EMBED_SWIFT_STANDARD_LIBRARIES = YES;
				COMBINE_HIDPI_IMAGES = YES;
				DEVELOPMENT_TEAM = 6GHQ7P7EHA;
				INFOPLIST_FILE = MacTransitUITests/Info.plist;
				LD_RUNPATH_SEARCH_PATHS = "$(inherited) @executable_path/../Frameworks @loader_path/../Frameworks";
				PRODUCT_BUNDLE_IDENTIFIER = com.adam.MacTransitUITests;
				PRODUCT_NAME = "$(TARGET_NAME)";
				SWIFT_VERSION = 3.0;
				TEST_TARGET_NAME = MacTransit;
			};
			name = "Release AppStore";
		};
/* End XCBuildConfiguration section */

/* Begin XCConfigurationList section */
		660F23361DADF22900832EC6 /* Build configuration list for PBXProject "MacTransit" */ = {
			isa = XCConfigurationList;
			buildConfigurations = (
				660F23611DADF22900832EC6 /* Debug */,
				66C923E91E00D5C200FE067E /* Debug AppStore */,
				660F23621DADF22900832EC6 /* Release */,
				66C923EE1E00D5C800FE067E /* Release AppStore */,
			);
			defaultConfigurationIsVisible = 0;
			defaultConfigurationName = Release;
		};
		660F23631DADF22900832EC6 /* Build configuration list for PBXNativeTarget "MacTransit" */ = {
			isa = XCConfigurationList;
			buildConfigurations = (
				660F23641DADF22900832EC6 /* Debug */,
				66C923EA1E00D5C200FE067E /* Debug AppStore */,
				660F23651DADF22900832EC6 /* Release */,
				66C923EF1E00D5C800FE067E /* Release AppStore */,
			);
			defaultConfigurationIsVisible = 0;
			defaultConfigurationName = Release;
		};
		660F23661DADF22900832EC6 /* Build configuration list for PBXNativeTarget "MacTransitTests" */ = {
			isa = XCConfigurationList;
			buildConfigurations = (
				660F23671DADF22900832EC6 /* Debug */,
				66C923EC1E00D5C200FE067E /* Debug AppStore */,
				660F23681DADF22900832EC6 /* Release */,
				66C923F11E00D5C800FE067E /* Release AppStore */,
			);
			defaultConfigurationIsVisible = 0;
			defaultConfigurationName = Release;
		};
		660F23691DADF22900832EC6 /* Build configuration list for PBXNativeTarget "MacTransitUITests" */ = {
			isa = XCConfigurationList;
			buildConfigurations = (
				660F236A1DADF22900832EC6 /* Debug */,
				66C923ED1E00D5C200FE067E /* Debug AppStore */,
				660F236B1DADF22900832EC6 /* Release */,
				66C923F21E00D5C800FE067E /* Release AppStore */,
			);
			defaultConfigurationIsVisible = 0;
			defaultConfigurationName = Release;
		};
		663F9E581E00F050009116D9 /* Build configuration list for PBXNativeTarget "MacTransit AppStore" */ = {
			isa = XCConfigurationList;
			buildConfigurations = (
				663F9E591E00F050009116D9 /* Debug */,
				663F9E5A1E00F050009116D9 /* Debug AppStore */,
				663F9E5B1E00F050009116D9 /* Release */,
				663F9E5C1E00F050009116D9 /* Release AppStore */,
			);
			defaultConfigurationIsVisible = 0;
			defaultConfigurationName = Release;
		};
/* End XCConfigurationList section */
	};
	rootObject = 660F23331DADF22900832EC6 /* Project object */;
}
