PODS:
  - SwiftBus (1.4):
    - SWXMLHash (~> 3.0.0)
  - SWXMLHash (3.0.2)

DEPENDENCIES:
  - SwiftBus (from `../`)

EXTERNAL SOURCES:
  SwiftBus:
    :path: "../"

SPEC CHECKSUMS:
  SwiftBus: b816be97b94e97c9c319c0f5d73f43ff95439fd3
  SWXMLHash: e0f6935971f01b06fb228cf435510d998ecde647

PODFILE CHECKSUM: 81903590ae61b1f32c41878bce768c8bbe032993

COCOAPODS: 1.1.1
