PODS:
  - Sparkle (1.14.0)
  - SwiftBus (1.4.2):
    - SWXMLHash (~> 3.0.0)
  - SWXMLHash (3.0.2)

DEPENDENCIES:
  - Sparkle
  - SwiftBus (from `./SwiftBus`)

EXTERNAL SOURCES:
  SwiftBus:
    :path: "./SwiftBus"

SPEC CHECKSUMS:
  Sparkle: ccd95233b12a3e3d4eeb55ff01dd4c8bb8188b07
  SwiftBus: 1004b44087e478025a4bf5694443ea1f05419d2a
  SWXMLHash: e0f6935971f01b06fb228cf435510d998ecde647

PODFILE CHECKSUM: dce197e3a6098c6ed022e30c808da8996bdc3bb6

COCOAPODS: 1.1.1
